// !$*UTF8*$!
{
	archiveVersion = 1;
	classes = {
	};
	objectVersion = 50;
	objects = {

/* Begin PBXBuildFile section */
		DF0F51642334F1C900A93581 /* libc++.1.tbd in Frameworks */ = {isa = PBXBuildFile; fileRef = DF0F51612334F1C900A93581 /* libc++.1.tbd */; };
		DF0F51672334F1D900A93581 /* libc++abi.tbd in Frameworks */ = {isa = PBXBuildFile; fileRef = DF0F51652334F1D900A93581 /* libc++abi.tbd */; };
		DF0F51682334F1D900A93581 /* libc++.tbd in Frameworks */ = {isa = PBXBuildFile; fileRef = DF0F51662334F1D900A93581 /* libc++.tbd */; };
		DF0F51732334FEF500A93581 /* video.ts in Resources */ = {isa = PBXBuildFile; fileRef = DF0F51722334FEF500A93581 /* video.ts */; };
		DF1FAF56233B644A00E7962F /* main.m in Sources */ = {isa = PBXBuildFile; fileRef = DF1FAF55233B644A00E7962F /* main.m */; };
		DF1FAFCC233B646700E7962F /* libavutil.a in Frameworks */ = {isa = PBXBuildFile; fileRef = DF1FAFC5233B646700E7962F /* libavutil.a */; };
		DF1FAFCD233B646700E7962F /* libavfilter.a in Frameworks */ = {isa = PBXBuildFile; fileRef = DF1FAFC6233B646700E7962F /* libavfilter.a */; };
		DF1FAFCE233B646700E7962F /* libavcodec.a in Frameworks */ = {isa = PBXBuildFile; fileRef = DF1FAFC7233B646700E7962F /* libavcodec.a */; };
		DF1FAFCF233B646700E7962F /* libavformat.a in Frameworks */ = {isa = PBXBuildFile; fileRef = DF1FAFC8233B646700E7962F /* libavformat.a */; };
		DF1FAFD0233B646700E7962F /* libavdevice.a in Frameworks */ = {isa = PBXBuildFile; fileRef = DF1FAFC9233B646700E7962F /* libavdevice.a */; };
		DF1FAFD1233B646700E7962F /* libswresample.a in Frameworks */ = {isa = PBXBuildFile; fileRef = DF1FAFCA233B646700E7962F /* libswresample.a */; };
		DF1FAFD2233B646700E7962F /* libswscale.a in Frameworks */ = {isa = PBXBuildFile; fileRef = DF1FAFCB233B646700E7962F /* libswscale.a */; };
		DF1FAFD4233B65FB00E7962F /* AudioToolbox.framework in Frameworks */ = {isa = PBXBuildFile; fileRef = DF1FAFD3233B65FB00E7962F /* AudioToolbox.framework */; };
		DF1FAFD6233B660B00E7962F /* CoreMedia.framework in Frameworks */ = {isa = PBXBuildFile; fileRef = DF1FAFD5233B660B00E7962F /* CoreMedia.framework */; };
		DF1FAFD8233B661400E7962F /* CoreGraphics.framework in Frameworks */ = {isa = PBXBuildFile; fileRef = DF1FAFD7233B661400E7962F /* CoreGraphics.framework */; };
		DF1FAFDA233B661C00E7962F /* VideoToolbox.framework in Frameworks */ = {isa = PBXBuildFile; fileRef = DF1FAFD9233B661C00E7962F /* VideoToolbox.framework */; };
		DF1FAFDC233B663D00E7962F /* libiconv.tbd in Frameworks */ = {isa = PBXBuildFile; fileRef = DF1FAFDB233B662E00E7962F /* libiconv.tbd */; };
		DF1FAFDE233B665100E7962F /* libbz2.tbd in Frameworks */ = {isa = PBXBuildFile; fileRef = DF1FAFDD233B664800E7962F /* libbz2.tbd */; };
		DF1FAFE0233B666A00E7962F /* libz.tbd in Frameworks */ = {isa = PBXBuildFile; fileRef = DF1FAFDF233B665E00E7962F /* libz.tbd */; };
		DF1FAFE2233B67BA00E7962F /* CoreVideo.framework in Frameworks */ = {isa = PBXBuildFile; fileRef = DF1FAFE1233B67BA00E7962F /* CoreVideo.framework */; };
		DF1FAFE4233B67C400E7962F /* CoreFoundation.framework in Frameworks */ = {isa = PBXBuildFile; fileRef = DF1FAFE3233B67C400E7962F /* CoreFoundation.framework */; };
		DF201B422338AE6B00F0792F /* MainViewController.m in Sources */ = {isa = PBXBuildFile; fileRef = DF201B412338AE6B00F0792F /* MainViewController.m */; };
		DF201B462338B23800F0792F /* MUTestViewController.m in Sources */ = {isa = PBXBuildFile; fileRef = DF201B452338B23800F0792F /* MUTestViewController.m */; };
		DF201BC82338CA8F00F0792F /* libiconv.tbd in Frameworks */ = {isa = PBXBuildFile; fileRef = DF201BC72338C9F200F0792F /* libiconv.tbd */; };
		DF40919E2334AEDF0028E555 /* AppDelegate.m in Sources */ = {isa = PBXBuildFile; fileRef = DF40919D2334AEDF0028E555 /* AppDelegate.m */; };
		DF4091A12334AEDF0028E555 /* MUIJKPlayerViewController.m in Sources */ = {isa = PBXBuildFile; fileRef = DF4091A02334AEDF0028E555 /* MUIJKPlayerViewController.m */; };
		DF4091A42334AEDF0028E555 /* Main.storyboard in Resources */ = {isa = PBXBuildFile; fileRef = DF4091A22334AEDF0028E555 /* Main.storyboard */; };
		DF4091A62334AEE00028E555 /* Assets.xcassets in Resources */ = {isa = PBXBuildFile; fileRef = DF4091A52334AEE00028E555 /* Assets.xcassets */; };
		DF4091A92334AEE00028E555 /* LaunchScreen.storyboard in Resources */ = {isa = PBXBuildFile; fileRef = DF4091A72334AEE00028E555 /* LaunchScreen.storyboard */; };
		DF4091AC2334AEE00028E555 /* main.m in Sources */ = {isa = PBXBuildFile; fileRef = DF4091AB2334AEE00028E555 /* main.m */; };
		DF4091B42334B1100028E555 /* UIView+MainThreadGuard.m in Sources */ = {isa = PBXBuildFile; fileRef = DF4091B32334B1100028E555 /* UIView+MainThreadGuard.m */; };
		DF733C7F2338E52800CABB12 /* libavutil.a in Frameworks */ = {isa = PBXBuildFile; fileRef = DF733C782338E52700CABB12 /* libavutil.a */; };
		DF733C802338E52800CABB12 /* libavfilter.a in Frameworks */ = {isa = PBXBuildFile; fileRef = DF733C792338E52700CABB12 /* libavfilter.a */; };
		DF733C812338E52800CABB12 /* libavcodec.a in Frameworks */ = {isa = PBXBuildFile; fileRef = DF733C7A2338E52700CABB12 /* libavcodec.a */; };
		DF733C822338E52800CABB12 /* libavformat.a in Frameworks */ = {isa = PBXBuildFile; fileRef = DF733C7B2338E52700CABB12 /* libavformat.a */; };
		DF733C832338E52800CABB12 /* libavdevice.a in Frameworks */ = {isa = PBXBuildFile; fileRef = DF733C7C2338E52700CABB12 /* libavdevice.a */; };
		DF733C842338E52800CABB12 /* libswresample.a in Frameworks */ = {isa = PBXBuildFile; fileRef = DF733C7D2338E52700CABB12 /* libswresample.a */; };
		DF733C852338E52800CABB12 /* libswscale.a in Frameworks */ = {isa = PBXBuildFile; fileRef = DF733C7E2338E52700CABB12 /* libswscale.a */; };
		DFCEB6352334E5E80040AD44 /* IJKMediaFramework.framework in Frameworks */ = {isa = PBXBuildFile; fileRef = DFCEB62D2334E5840040AD44 /* IJKMediaFramework.framework */; };
		DFCEB6372334E5F10040AD44 /* AudioToolbox.framework in Frameworks */ = {isa = PBXBuildFile; fileRef = DFCEB6362334E5F10040AD44 /* AudioToolbox.framework */; };
		DFCEB6392334E5F80040AD44 /* AVFoundation.framework in Frameworks */ = {isa = PBXBuildFile; fileRef = DFCEB6382334E5F80040AD44 /* AVFoundation.framework */; };
		DFCEB63B2334E5FF0040AD44 /* CoreGraphics.framework in Frameworks */ = {isa = PBXBuildFile; fileRef = DFCEB63A2334E5FF0040AD44 /* CoreGraphics.framework */; };
		DFCEB63D2334E6070040AD44 /* CoreMedia.framework in Frameworks */ = {isa = PBXBuildFile; fileRef = DFCEB63C2334E6070040AD44 /* CoreMedia.framework */; };
		DFCEB63F2334E60E0040AD44 /* CoreVideo.framework in Frameworks */ = {isa = PBXBuildFile; fileRef = DFCEB63E2334E60E0040AD44 /* CoreVideo.framework */; };
		DFCEB6412334E61A0040AD44 /* libbz2.tbd in Frameworks */ = {isa = PBXBuildFile; fileRef = DFCEB6402334E61A0040AD44 /* libbz2.tbd */; };
		DFCEB6432334E6240040AD44 /* libz.tbd in Frameworks */ = {isa = PBXBuildFile; fileRef = DFCEB6422334E6240040AD44 /* libz.tbd */; };
		DFCEB6452334E62F0040AD44 /* MediaPlayer.framework in Frameworks */ = {isa = PBXBuildFile; fileRef = DFCEB6442334E62F0040AD44 /* MediaPlayer.framework */; };
		DFCEB6472334E63C0040AD44 /* MobileCoreServices.framework in Frameworks */ = {isa = PBXBuildFile; fileRef = DFCEB6462334E63C0040AD44 /* MobileCoreServices.framework */; };
		DFCEB6492334E6460040AD44 /* OpenGLES.framework in Frameworks */ = {isa = PBXBuildFile; fileRef = DFCEB6482334E6460040AD44 /* OpenGLES.framework */; };
		DFCEB64B2334E6510040AD44 /* QuartzCore.framework in Frameworks */ = {isa = PBXBuildFile; fileRef = DFCEB64A2334E6510040AD44 /* QuartzCore.framework */; };
		DFCEB64D2334E6580040AD44 /* UIKit.framework in Frameworks */ = {isa = PBXBuildFile; fileRef = DFCEB64C2334E6580040AD44 /* UIKit.framework */; };
		DFCEB64F2334E6630040AD44 /* VideoToolbox.framework in Frameworks */ = {isa = PBXBuildFile; fileRef = DFCEB64E2334E6630040AD44 /* VideoToolbox.framework */; };
/* End PBXBuildFile section */

/* Begin PBXContainerItemProxy section */
		DFCEB62C2334E5840040AD44 /* PBXContainerItemProxy */ = {
			isa = PBXContainerItemProxy;
			containerPortal = DFCEB6262334E5840040AD44 /* IJKMediaPlayer.xcodeproj */;
			proxyType = 2;
			remoteGlobalIDString = E654EA8A1B6B27E600B0F2D0;
			remoteInfo = IJKMediaFramework;
		};
		DFCEB62E2334E5840040AD44 /* PBXContainerItemProxy */ = {
			isa = PBXContainerItemProxy;
			containerPortal = DFCEB6262334E5840040AD44 /* IJKMediaPlayer.xcodeproj */;
			proxyType = 2;
			remoteGlobalIDString = 5450B0431E63EA4300568494;
			remoteInfo = IJKMediaFrameworkWithSSL;
		};
		DFCEB6302334E5840040AD44 /* PBXContainerItemProxy */ = {
			isa = PBXContainerItemProxy;
			containerPortal = DFCEB6262334E5840040AD44 /* IJKMediaPlayer.xcodeproj */;
			proxyType = 2;
			remoteGlobalIDString = E654EA941B6B27E600B0F2D0;
			remoteInfo = IJKMediaFrameworkTests;
		};
		DFCEB6322334E5D20040AD44 /* PBXContainerItemProxy */ = {
			isa = PBXContainerItemProxy;
			containerPortal = DFCEB6262334E5840040AD44 /* IJKMediaPlayer.xcodeproj */;
			proxyType = 1;
			remoteGlobalIDString = E654EA891B6B27E600B0F2D0;
			remoteInfo = IJKMediaFramework;
		};
/* End PBXContainerItemProxy section */

/* Begin PBXCopyFilesBuildPhase section */
		DF1FAF51233B644A00E7962F /* CopyFiles */ = {
			isa = PBXCopyFilesBuildPhase;
			buildActionMask = 2147483647;
			dstPath = /usr/share/man/man1/;
			dstSubfolderSpec = 0;
			files = (
			);
			runOnlyForDeploymentPostprocessing = 1;
		};
		DF1FB016233B6F8200E7962F /* CopyFiles */ = {
			isa = PBXCopyFilesBuildPhase;
			buildActionMask = 2147483647;
			dstPath = /usr/share/man/man1/;
			dstSubfolderSpec = 0;
			files = (
			);
			runOnlyForDeploymentPostprocessing = 1;
		};
/* End PBXCopyFilesBuildPhase section */

/* Begin PBXFileReference section */
		DF0F51612334F1C900A93581 /* libc++.1.tbd */ = {isa = PBXFileReference; lastKnownFileType = "sourcecode.text-based-dylib-definition"; name = "libc++.1.tbd"; path = "usr/lib/libc++.1.tbd"; sourceTree = SDKROOT; };
		DF0F51652334F1D900A93581 /* libc++abi.tbd */ = {isa = PBXFileReference; lastKnownFileType = "sourcecode.text-based-dylib-definition"; name = "libc++abi.tbd"; path = "usr/lib/libc++abi.tbd"; sourceTree = SDKROOT; };
		DF0F51662334F1D900A93581 /* libc++.tbd */ = {isa = PBXFileReference; lastKnownFileType = "sourcecode.text-based-dylib-definition"; name = "libc++.tbd"; path = "usr/lib/libc++.tbd"; sourceTree = SDKROOT; };
		DF0F51722334FEF500A93581 /* video.ts */ = {isa = PBXFileReference; lastKnownFileType = file; path = video.ts; sourceTree = "<group>"; };
		DF1FAF53233B644A00E7962F /* ffmpeg+sdl */ = {isa = PBXFileReference; explicitFileType = "compiled.mach-o.executable"; includeInIndex = 0; path = "ffmpeg+sdl"; sourceTree = BUILT_PRODUCTS_DIR; };
		DF1FAF55233B644A00E7962F /* main.m */ = {isa = PBXFileReference; lastKnownFileType = sourcecode.c.objc; path = main.m; sourceTree = "<group>"; };
		DF1FAF5F233B646700E7962F /* avcodec.h */ = {isa = PBXFileReference; fileEncoding = 4; lastKnownFileType = sourcecode.c.h; path = avcodec.h; sourceTree = "<group>"; };
		DF1FAF60233B646700E7962F /* version.h */ = {isa = PBXFileReference; fileEncoding = 4; lastKnownFileType = sourcecode.c.h; path = version.h; sourceTree = "<group>"; };
		DF1FAF61233B646700E7962F /* buffersrc.h */ = {isa = PBXFileReference; fileEncoding = 4; lastKnownFileType = sourcecode.c.h; path = buffersrc.h; sourceTree = "<group>"; };
		DF1FAF62233B646700E7962F /* asrc_abuffer.h */ = {isa = PBXFileReference; fileEncoding = 4; lastKnownFileType = sourcecode.c.h; path = asrc_abuffer.h; sourceTree = "<group>"; };
		DF1FAF63233B646700E7962F /* buffersink.h */ = {isa = PBXFileReference; fileEncoding = 4; lastKnownFileType = sourcecode.c.h; path = buffersink.h; sourceTree = "<group>"; };
		DF1FAF64233B646700E7962F /* avfilter.h */ = {isa = PBXFileReference; fileEncoding = 4; lastKnownFileType = sourcecode.c.h; path = avfilter.h; sourceTree = "<group>"; };
		DF1FAF65233B646700E7962F /* avfiltergraph.h */ = {isa = PBXFileReference; fileEncoding = 4; lastKnownFileType = sourcecode.c.h; path = avfiltergraph.h; sourceTree = "<group>"; };
		DF1FAF67233B646700E7962F /* time.h */ = {isa = PBXFileReference; fileEncoding = 4; lastKnownFileType = sourcecode.c.h; path = time.h; sourceTree = "<group>"; };
		DF1FAF68233B646700E7962F /* intfloat.h */ = {isa = PBXFileReference; fileEncoding = 4; lastKnownFileType = sourcecode.c.h; path = intfloat.h; sourceTree = "<group>"; };
		DF1FAF69233B646700E7962F /* error.h */ = {isa = PBXFileReference; fileEncoding = 4; lastKnownFileType = sourcecode.c.h; path = error.h; sourceTree = "<group>"; };
		DF1FAF6A233B646700E7962F /* fifo.h */ = {isa = PBXFileReference; fileEncoding = 4; lastKnownFileType = sourcecode.c.h; path = fifo.h; sourceTree = "<group>"; };
		DF1FAF6B233B646700E7962F /* blowfish.h */ = {isa = PBXFileReference; fileEncoding = 4; lastKnownFileType = sourcecode.c.h; path = blowfish.h; sourceTree = "<group>"; };
		DF1FAF6C233B646700E7962F /* replaygain.h */ = {isa = PBXFileReference; fileEncoding = 4; lastKnownFileType = sourcecode.c.h; path = replaygain.h; sourceTree = "<group>"; };
		DF1FAF6D233B646700E7962F /* version.h */ = {isa = PBXFileReference; fileEncoding = 4; lastKnownFileType = sourcecode.c.h; path = version.h; sourceTree = "<group>"; };
		DF1FAF6E233B646700E7962F /* murmur3.h */ = {isa = PBXFileReference; fileEncoding = 4; lastKnownFileType = sourcecode.c.h; path = murmur3.h; sourceTree = "<group>"; };
		DF1FAF6F233B646700E7962F /* stereo3d.h */ = {isa = PBXFileReference; fileEncoding = 4; lastKnownFileType = sourcecode.c.h; path = stereo3d.h; sourceTree = "<group>"; };
		DF1FAF70233B646700E7962F /* samplefmt.h */ = {isa = PBXFileReference; fileEncoding = 4; lastKnownFileType = sourcecode.c.h; path = samplefmt.h; sourceTree = "<group>"; };
		DF1FAF71233B646700E7962F /* pixdesc.h */ = {isa = PBXFileReference; fileEncoding = 4; lastKnownFileType = sourcecode.c.h; path = pixdesc.h; sourceTree = "<group>"; };
		DF1FAF72233B646700E7962F /* base64.h */ = {isa = PBXFileReference; fileEncoding = 4; lastKnownFileType = sourcecode.c.h; path = base64.h; sourceTree = "<group>"; };
		DF1FAF73233B646700E7962F /* rational.h */ = {isa = PBXFileReference; fileEncoding = 4; lastKnownFileType = sourcecode.c.h; path = rational.h; sourceTree = "<group>"; };
		DF1FAF74233B646700E7962F /* sha.h */ = {isa = PBXFileReference; fileEncoding = 4; lastKnownFileType = sourcecode.c.h; path = sha.h; sourceTree = "<group>"; };
		DF1FAF75233B646700E7962F /* motion_vector.h */ = {isa = PBXFileReference; fileEncoding = 4; lastKnownFileType = sourcecode.c.h; path = motion_vector.h; sourceTree = "<group>"; };
		DF1FAF76233B646700E7962F /* avconfig.h */ = {isa = PBXFileReference; fileEncoding = 4; lastKnownFileType = sourcecode.c.h; path = avconfig.h; sourceTree = "<group>"; };
		DF1FAF77233B646700E7962F /* lfg.h */ = {isa = PBXFileReference; fileEncoding = 4; lastKnownFileType = sourcecode.c.h; path = lfg.h; sourceTree = "<group>"; };
		DF1FAF78233B646700E7962F /* avutil.h */ = {isa = PBXFileReference; fileEncoding = 4; lastKnownFileType = sourcecode.c.h; path = avutil.h; sourceTree = "<group>"; };
		DF1FAF79233B646700E7962F /* xtea.h */ = {isa = PBXFileReference; fileEncoding = 4; lastKnownFileType = sourcecode.c.h; path = xtea.h; sourceTree = "<group>"; };
		DF1FAF7A233B646700E7962F /* crc.h */ = {isa = PBXFileReference; fileEncoding = 4; lastKnownFileType = sourcecode.c.h; path = crc.h; sourceTree = "<group>"; };
		DF1FAF7B233B646700E7962F /* frame.h */ = {isa = PBXFileReference; fileEncoding = 4; lastKnownFileType = sourcecode.c.h; path = frame.h; sourceTree = "<group>"; };
		DF1FAF7C233B646700E7962F /* file.h */ = {isa = PBXFileReference; fileEncoding = 4; lastKnownFileType = sourcecode.c.h; path = file.h; sourceTree = "<group>"; };
		DF1FAF7D233B646700E7962F /* md5.h */ = {isa = PBXFileReference; fileEncoding = 4; lastKnownFileType = sourcecode.c.h; path = md5.h; sourceTree = "<group>"; };
		DF1FAF7E233B646700E7962F /* cast5.h */ = {isa = PBXFileReference; fileEncoding = 4; lastKnownFileType = sourcecode.c.h; path = cast5.h; sourceTree = "<group>"; };
		DF1FAF7F233B646700E7962F /* ffversion.h */ = {isa = PBXFileReference; fileEncoding = 4; lastKnownFileType = sourcecode.c.h; path = ffversion.h; sourceTree = "<group>"; };
		DF1FAF80233B646700E7962F /* audio_fifo.h */ = {isa = PBXFileReference; fileEncoding = 4; lastKnownFileType = sourcecode.c.h; path = audio_fifo.h; sourceTree = "<group>"; };
		DF1FAF81233B646700E7962F /* threadmessage.h */ = {isa = PBXFileReference; fileEncoding = 4; lastKnownFileType = sourcecode.c.h; path = threadmessage.h; sourceTree = "<group>"; };
		DF1FAF82233B646700E7962F /* attributes.h */ = {isa = PBXFileReference; fileEncoding = 4; lastKnownFileType = sourcecode.c.h; path = attributes.h; sourceTree = "<group>"; };
		DF1FAF83233B646700E7962F /* adler32.h */ = {isa = PBXFileReference; fileEncoding = 4; lastKnownFileType = sourcecode.c.h; path = adler32.h; sourceTree = "<group>"; };
		DF1FAF84233B646700E7962F /* timecode.h */ = {isa = PBXFileReference; fileEncoding = 4; lastKnownFileType = sourcecode.c.h; path = timecode.h; sourceTree = "<group>"; };
		DF1FAF85233B646700E7962F /* sha512.h */ = {isa = PBXFileReference; fileEncoding = 4; lastKnownFileType = sourcecode.c.h; path = sha512.h; sourceTree = "<group>"; };
		DF1FAF86233B646700E7962F /* display.h */ = {isa = PBXFileReference; fileEncoding = 4; lastKnownFileType = sourcecode.c.h; path = display.h; sourceTree = "<group>"; };
		DF1FAF87233B646700E7962F /* buffer.h */ = {isa = PBXFileReference; fileEncoding = 4; lastKnownFileType = sourcecode.c.h; path = buffer.h; sourceTree = "<group>"; };
		DF1FAF88233B646700E7962F /* camellia.h */ = {isa = PBXFileReference; fileEncoding = 4; lastKnownFileType = sourcecode.c.h; path = camellia.h; sourceTree = "<group>"; };
		DF1FAF89233B646700E7962F /* pixelutils.h */ = {isa = PBXFileReference; fileEncoding = 4; lastKnownFileType = sourcecode.c.h; path = pixelutils.h; sourceTree = "<group>"; };
		DF1FAF8A233B646700E7962F /* common.h */ = {isa = PBXFileReference; fileEncoding = 4; lastKnownFileType = sourcecode.c.h; path = common.h; sourceTree = "<group>"; };
		DF1FAF8B233B646700E7962F /* hmac.h */ = {isa = PBXFileReference; fileEncoding = 4; lastKnownFileType = sourcecode.c.h; path = hmac.h; sourceTree = "<group>"; };
		DF1FAF8C233B646700E7962F /* eval.h */ = {isa = PBXFileReference; fileEncoding = 4; lastKnownFileType = sourcecode.c.h; path = eval.h; sourceTree = "<group>"; };
		DF1FAF8D233B646700E7962F /* dict.h */ = {isa = PBXFileReference; fileEncoding = 4; lastKnownFileType = sourcecode.c.h; path = dict.h; sourceTree = "<group>"; };
		DF1FAF8E233B646700E7962F /* random_seed.h */ = {isa = PBXFileReference; fileEncoding = 4; lastKnownFileType = sourcecode.c.h; path = random_seed.h; sourceTree = "<group>"; };
		DF1FAF8F233B646700E7962F /* opt.h */ = {isa = PBXFileReference; fileEncoding = 4; lastKnownFileType = sourcecode.c.h; path = opt.h; sourceTree = "<group>"; };
		DF1FAF90233B646700E7962F /* log.h */ = {isa = PBXFileReference; fileEncoding = 4; lastKnownFileType = sourcecode.c.h; path = log.h; sourceTree = "<group>"; };
		DF1FAF91233B646700E7962F /* aes.h */ = {isa = PBXFileReference; fileEncoding = 4; lastKnownFileType = sourcecode.c.h; path = aes.h; sourceTree = "<group>"; };
		DF1FAF92233B646700E7962F /* macros.h */ = {isa = PBXFileReference; fileEncoding = 4; lastKnownFileType = sourcecode.c.h; path = macros.h; sourceTree = "<group>"; };
		DF1FAF93233B646700E7962F /* bswap.h */ = {isa = PBXFileReference; fileEncoding = 4; lastKnownFileType = sourcecode.c.h; path = bswap.h; sourceTree = "<group>"; };
		DF1FAF94233B646700E7962F /* old_pix_fmts.h */ = {isa = PBXFileReference; fileEncoding = 4; lastKnownFileType = sourcecode.c.h; path = old_pix_fmts.h; sourceTree = "<group>"; };
		DF1FAF95233B646700E7962F /* tea.h */ = {isa = PBXFileReference; fileEncoding = 4; lastKnownFileType = sourcecode.c.h; path = tea.h; sourceTree = "<group>"; };
		DF1FAF96233B646700E7962F /* cpu.h */ = {isa = PBXFileReference; fileEncoding = 4; lastKnownFileType = sourcecode.c.h; path = cpu.h; sourceTree = "<group>"; };
		DF1FAF97233B646700E7962F /* audioconvert.h */ = {isa = PBXFileReference; fileEncoding = 4; lastKnownFileType = sourcecode.c.h; path = audioconvert.h; sourceTree = "<group>"; };
		DF1FAF98233B646700E7962F /* lzo.h */ = {isa = PBXFileReference; fileEncoding = 4; lastKnownFileType = sourcecode.c.h; path = lzo.h; sourceTree = "<group>"; };
		DF1FAF99233B646700E7962F /* channel_layout.h */ = {isa = PBXFileReference; fileEncoding = 4; lastKnownFileType = sourcecode.c.h; path = channel_layout.h; sourceTree = "<group>"; };
		DF1FAF9A233B646700E7962F /* twofish.h */ = {isa = PBXFileReference; fileEncoding = 4; lastKnownFileType = sourcecode.c.h; path = twofish.h; sourceTree = "<group>"; };
		DF1FAF9B233B646700E7962F /* imgutils.h */ = {isa = PBXFileReference; fileEncoding = 4; lastKnownFileType = sourcecode.c.h; path = imgutils.h; sourceTree = "<group>"; };
		DF1FAF9C233B646700E7962F /* mem.h */ = {isa = PBXFileReference; fileEncoding = 4; lastKnownFileType = sourcecode.c.h; path = mem.h; sourceTree = "<group>"; };
		DF1FAF9D233B646700E7962F /* parseutils.h */ = {isa = PBXFileReference; fileEncoding = 4; lastKnownFileType = sourcecode.c.h; path = parseutils.h; sourceTree = "<group>"; };
		DF1FAF9E233B646700E7962F /* ripemd.h */ = {isa = PBXFileReference; fileEncoding = 4; lastKnownFileType = sourcecode.c.h; path = ripemd.h; sourceTree = "<group>"; };
		DF1FAF9F233B646700E7962F /* bprint.h */ = {isa = PBXFileReference; fileEncoding = 4; lastKnownFileType = sourcecode.c.h; path = bprint.h; sourceTree = "<group>"; };
		DF1FAFA0233B646700E7962F /* pixfmt.h */ = {isa = PBXFileReference; fileEncoding = 4; lastKnownFileType = sourcecode.c.h; path = pixfmt.h; sourceTree = "<group>"; };
		DF1FAFA1233B646700E7962F /* timestamp.h */ = {isa = PBXFileReference; fileEncoding = 4; lastKnownFileType = sourcecode.c.h; path = timestamp.h; sourceTree = "<group>"; };
		DF1FAFA2233B646700E7962F /* downmix_info.h */ = {isa = PBXFileReference; fileEncoding = 4; lastKnownFileType = sourcecode.c.h; path = downmix_info.h; sourceTree = "<group>"; };
		DF1FAFA3233B646700E7962F /* avassert.h */ = {isa = PBXFileReference; fileEncoding = 4; lastKnownFileType = sourcecode.c.h; path = avassert.h; sourceTree = "<group>"; };
		DF1FAFA4233B646700E7962F /* hash.h */ = {isa = PBXFileReference; fileEncoding = 4; lastKnownFileType = sourcecode.c.h; path = hash.h; sourceTree = "<group>"; };
		DF1FAFA5233B646700E7962F /* mathematics.h */ = {isa = PBXFileReference; fileEncoding = 4; lastKnownFileType = sourcecode.c.h; path = mathematics.h; sourceTree = "<group>"; };
		DF1FAFA6233B646700E7962F /* intreadwrite.h */ = {isa = PBXFileReference; fileEncoding = 4; lastKnownFileType = sourcecode.c.h; path = intreadwrite.h; sourceTree = "<group>"; };
		DF1FAFA7233B646700E7962F /* avstring.h */ = {isa = PBXFileReference; fileEncoding = 4; lastKnownFileType = sourcecode.c.h; path = avstring.h; sourceTree = "<group>"; };
		DF1FAFA9233B646700E7962F /* version.h */ = {isa = PBXFileReference; fileEncoding = 4; lastKnownFileType = sourcecode.c.h; path = version.h; sourceTree = "<group>"; };
		DF1FAFAA233B646700E7962F /* avdevice.h */ = {isa = PBXFileReference; fileEncoding = 4; lastKnownFileType = sourcecode.c.h; path = avdevice.h; sourceTree = "<group>"; };
		DF1FAFAC233B646700E7962F /* version.h */ = {isa = PBXFileReference; fileEncoding = 4; lastKnownFileType = sourcecode.c.h; path = version.h; sourceTree = "<group>"; };
		DF1FAFAD233B646700E7962F /* avio.h */ = {isa = PBXFileReference; fileEncoding = 4; lastKnownFileType = sourcecode.c.h; path = avio.h; sourceTree = "<group>"; };
		DF1FAFAE233B646700E7962F /* avformat.h */ = {isa = PBXFileReference; fileEncoding = 4; lastKnownFileType = sourcecode.c.h; path = avformat.h; sourceTree = "<group>"; };
		DF1FAFB0233B646700E7962F /* version.h */ = {isa = PBXFileReference; fileEncoding = 4; lastKnownFileType = sourcecode.c.h; path = version.h; sourceTree = "<group>"; };
		DF1FAFB1233B646700E7962F /* swscale.h */ = {isa = PBXFileReference; fileEncoding = 4; lastKnownFileType = sourcecode.c.h; path = swscale.h; sourceTree = "<group>"; };
		DF1FAFB3233B646700E7962F /* avcodec.h */ = {isa = PBXFileReference; fileEncoding = 4; lastKnownFileType = sourcecode.c.h; path = avcodec.h; sourceTree = "<group>"; };
		DF1FAFB4233B646700E7962F /* version.h */ = {isa = PBXFileReference; fileEncoding = 4; lastKnownFileType = sourcecode.c.h; path = version.h; sourceTree = "<group>"; };
		DF1FAFB5233B646700E7962F /* vdpau.h */ = {isa = PBXFileReference; fileEncoding = 4; lastKnownFileType = sourcecode.c.h; path = vdpau.h; sourceTree = "<group>"; };
		DF1FAFB6233B646700E7962F /* qsv.h */ = {isa = PBXFileReference; fileEncoding = 4; lastKnownFileType = sourcecode.c.h; path = qsv.h; sourceTree = "<group>"; };
		DF1FAFB7233B646700E7962F /* vaapi.h */ = {isa = PBXFileReference; fileEncoding = 4; lastKnownFileType = sourcecode.c.h; path = vaapi.h; sourceTree = "<group>"; };
		DF1FAFB8233B646700E7962F /* videotoolbox.h */ = {isa = PBXFileReference; fileEncoding = 4; lastKnownFileType = sourcecode.c.h; path = videotoolbox.h; sourceTree = "<group>"; };
		DF1FAFB9233B646700E7962F /* xvmc.h */ = {isa = PBXFileReference; fileEncoding = 4; lastKnownFileType = sourcecode.c.h; path = xvmc.h; sourceTree = "<group>"; };
		DF1FAFBA233B646700E7962F /* d3d11va.h */ = {isa = PBXFileReference; fileEncoding = 4; lastKnownFileType = sourcecode.c.h; path = d3d11va.h; sourceTree = "<group>"; };
		DF1FAFBB233B646700E7962F /* avfft.h */ = {isa = PBXFileReference; fileEncoding = 4; lastKnownFileType = sourcecode.c.h; path = avfft.h; sourceTree = "<group>"; };
		DF1FAFBC233B646700E7962F /* vda.h */ = {isa = PBXFileReference; fileEncoding = 4; lastKnownFileType = sourcecode.c.h; path = vda.h; sourceTree = "<group>"; };
		DF1FAFBD233B646700E7962F /* vorbis_parser.h */ = {isa = PBXFileReference; fileEncoding = 4; lastKnownFileType = sourcecode.c.h; path = vorbis_parser.h; sourceTree = "<group>"; };
		DF1FAFBE233B646700E7962F /* dxva2.h */ = {isa = PBXFileReference; fileEncoding = 4; lastKnownFileType = sourcecode.c.h; path = dxva2.h; sourceTree = "<group>"; };
		DF1FAFBF233B646700E7962F /* dv_profile.h */ = {isa = PBXFileReference; fileEncoding = 4; lastKnownFileType = sourcecode.c.h; path = dv_profile.h; sourceTree = "<group>"; };
		DF1FAFC0233B646700E7962F /* old_codec_ids.h */ = {isa = PBXFileReference; fileEncoding = 4; lastKnownFileType = sourcecode.c.h; path = old_codec_ids.h; sourceTree = "<group>"; };
		DF1FAFC2233B646700E7962F /* version.h */ = {isa = PBXFileReference; fileEncoding = 4; lastKnownFileType = sourcecode.c.h; path = version.h; sourceTree = "<group>"; };
		DF1FAFC3233B646700E7962F /* swresample.h */ = {isa = PBXFileReference; fileEncoding = 4; lastKnownFileType = sourcecode.c.h; path = swresample.h; sourceTree = "<group>"; };
		DF1FAFC5233B646700E7962F /* libavutil.a */ = {isa = PBXFileReference; lastKnownFileType = archive.ar; path = libavutil.a; sourceTree = "<group>"; };
		DF1FAFC6233B646700E7962F /* libavfilter.a */ = {isa = PBXFileReference; lastKnownFileType = archive.ar; path = libavfilter.a; sourceTree = "<group>"; };
		DF1FAFC7233B646700E7962F /* libavcodec.a */ = {isa = PBXFileReference; lastKnownFileType = archive.ar; path = libavcodec.a; sourceTree = "<group>"; };
		DF1FAFC8233B646700E7962F /* libavformat.a */ = {isa = PBXFileReference; lastKnownFileType = archive.ar; path = libavformat.a; sourceTree = "<group>"; };
		DF1FAFC9233B646700E7962F /* libavdevice.a */ = {isa = PBXFileReference; lastKnownFileType = archive.ar; path = libavdevice.a; sourceTree = "<group>"; };
		DF1FAFCA233B646700E7962F /* libswresample.a */ = {isa = PBXFileReference; lastKnownFileType = archive.ar; path = libswresample.a; sourceTree = "<group>"; };
		DF1FAFCB233B646700E7962F /* libswscale.a */ = {isa = PBXFileReference; lastKnownFileType = archive.ar; path = libswscale.a; sourceTree = "<group>"; };
		DF1FAFD3233B65FB00E7962F /* AudioToolbox.framework */ = {isa = PBXFileReference; lastKnownFileType = wrapper.framework; name = AudioToolbox.framework; path = Platforms/MacOSX.platform/Developer/SDKs/MacOSX10.15.sdk/System/Library/Frameworks/AudioToolbox.framework; sourceTree = DEVELOPER_DIR; };
		DF1FAFD5233B660B00E7962F /* CoreMedia.framework */ = {isa = PBXFileReference; lastKnownFileType = wrapper.framework; name = CoreMedia.framework; path = Platforms/MacOSX.platform/Developer/SDKs/MacOSX10.15.sdk/System/Library/Frameworks/CoreMedia.framework; sourceTree = DEVELOPER_DIR; };
		DF1FAFD7233B661400E7962F /* CoreGraphics.framework */ = {isa = PBXFileReference; lastKnownFileType = wrapper.framework; name = CoreGraphics.framework; path = Platforms/MacOSX.platform/Developer/SDKs/MacOSX10.15.sdk/System/Library/Frameworks/CoreGraphics.framework; sourceTree = DEVELOPER_DIR; };
		DF1FAFD9233B661C00E7962F /* VideoToolbox.framework */ = {isa = PBXFileReference; lastKnownFileType = wrapper.framework; name = VideoToolbox.framework; path = Platforms/MacOSX.platform/Developer/SDKs/MacOSX10.15.sdk/System/Library/Frameworks/VideoToolbox.framework; sourceTree = DEVELOPER_DIR; };
		DF1FAFDB233B662E00E7962F /* libiconv.tbd */ = {isa = PBXFileReference; lastKnownFileType = "sourcecode.text-based-dylib-definition"; name = libiconv.tbd; path = Platforms/MacOSX.platform/Developer/SDKs/MacOSX10.15.sdk/usr/lib/libiconv.tbd; sourceTree = DEVELOPER_DIR; };
		DF1FAFDD233B664800E7962F /* libbz2.tbd */ = {isa = PBXFileReference; lastKnownFileType = "sourcecode.text-based-dylib-definition"; name = libbz2.tbd; path = Platforms/MacOSX.platform/Developer/SDKs/MacOSX10.15.sdk/usr/lib/libbz2.tbd; sourceTree = DEVELOPER_DIR; };
		DF1FAFDF233B665E00E7962F /* libz.tbd */ = {isa = PBXFileReference; lastKnownFileType = "sourcecode.text-based-dylib-definition"; name = libz.tbd; path = Platforms/MacOSX.platform/Developer/SDKs/MacOSX10.15.sdk/usr/lib/libz.tbd; sourceTree = DEVELOPER_DIR; };
		DF1FAFE1233B67BA00E7962F /* CoreVideo.framework */ = {isa = PBXFileReference; lastKnownFileType = wrapper.framework; name = CoreVideo.framework; path = Platforms/MacOSX.platform/Developer/SDKs/MacOSX10.15.sdk/System/Library/Frameworks/CoreVideo.framework; sourceTree = DEVELOPER_DIR; };
		DF1FAFE3233B67C400E7962F /* CoreFoundation.framework */ = {isa = PBXFileReference; lastKnownFileType = wrapper.framework; name = CoreFoundation.framework; path = Platforms/MacOSX.platform/Developer/SDKs/MacOSX10.15.sdk/System/Library/Frameworks/CoreFoundation.framework; sourceTree = DEVELOPER_DIR; };
		DF1FB018233B6F8200E7962F /* sdl */ = {isa = PBXFileReference; explicitFileType = "compiled.mach-o.executable"; includeInIndex = 0; path = sdl; sourceTree = BUILT_PRODUCTS_DIR; };
		DF201B402338AE6B00F0792F /* MainViewController.h */ = {isa = PBXFileReference; lastKnownFileType = sourcecode.c.h; path = MainViewController.h; sourceTree = "<group>"; };
		DF201B412338AE6B00F0792F /* MainViewController.m */ = {isa = PBXFileReference; lastKnownFileType = sourcecode.c.objc; path = MainViewController.m; sourceTree = "<group>"; };
		DF201B442338B23800F0792F /* MUTestViewController.h */ = {isa = PBXFileReference; lastKnownFileType = sourcecode.c.h; path = MUTestViewController.h; sourceTree = "<group>"; };
		DF201B452338B23800F0792F /* MUTestViewController.m */ = {isa = PBXFileReference; lastKnownFileType = sourcecode.c.objc; path = MUTestViewController.m; sourceTree = "<group>"; };
		DF201BC72338C9F200F0792F /* libiconv.tbd */ = {isa = PBXFileReference; lastKnownFileType = "sourcecode.text-based-dylib-definition"; name = libiconv.tbd; path = usr/lib/libiconv.tbd; sourceTree = SDKROOT; };
		DF4091992334AEDF0028E555 /* Category.app */ = {isa = PBXFileReference; explicitFileType = wrapper.application; includeInIndex = 0; path = Category.app; sourceTree = BUILT_PRODUCTS_DIR; };
		DF40919C2334AEDF0028E555 /* AppDelegate.h */ = {isa = PBXFileReference; lastKnownFileType = sourcecode.c.h; path = AppDelegate.h; sourceTree = "<group>"; };
		DF40919D2334AEDF0028E555 /* AppDelegate.m */ = {isa = PBXFileReference; lastKnownFileType = sourcecode.c.objc; path = AppDelegate.m; sourceTree = "<group>"; };
		DF40919F2334AEDF0028E555 /* MUIJKPlayerViewController.h */ = {isa = PBXFileReference; lastKnownFileType = sourcecode.c.h; path = MUIJKPlayerViewController.h; sourceTree = "<group>"; };
		DF4091A02334AEDF0028E555 /* MUIJKPlayerViewController.m */ = {isa = PBXFileReference; lastKnownFileType = sourcecode.c.objc; path = MUIJKPlayerViewController.m; sourceTree = "<group>"; };
		DF4091A32334AEDF0028E555 /* Base */ = {isa = PBXFileReference; lastKnownFileType = file.storyboard; name = Base; path = Base.lproj/Main.storyboard; sourceTree = "<group>"; };
		DF4091A52334AEE00028E555 /* Assets.xcassets */ = {isa = PBXFileReference; lastKnownFileType = folder.assetcatalog; path = Assets.xcassets; sourceTree = "<group>"; };
		DF4091A82334AEE00028E555 /* Base */ = {isa = PBXFileReference; lastKnownFileType = file.storyboard; name = Base; path = Base.lproj/LaunchScreen.storyboard; sourceTree = "<group>"; };
		DF4091AA2334AEE00028E555 /* Info.plist */ = {isa = PBXFileReference; lastKnownFileType = text.plist.xml; path = Info.plist; sourceTree = "<group>"; };
		DF4091AB2334AEE00028E555 /* main.m */ = {isa = PBXFileReference; lastKnownFileType = sourcecode.c.objc; path = main.m; sourceTree = "<group>"; };
		DF4091B22334B1090028E555 /* UIView+MainThreadGuard.h */ = {isa = PBXFileReference; lastKnownFileType = sourcecode.c.h; path = "UIView+MainThreadGuard.h"; sourceTree = "<group>"; };
		DF4091B32334B1100028E555 /* UIView+MainThreadGuard.m */ = {isa = PBXFileReference; fileEncoding = 4; lastKnownFileType = sourcecode.c.objc; path = "UIView+MainThreadGuard.m"; sourceTree = "<group>"; };
		DF733C122338E52700CABB12 /* avcodec.h */ = {isa = PBXFileReference; fileEncoding = 4; lastKnownFileType = sourcecode.c.h; path = avcodec.h; sourceTree = "<group>"; };
		DF733C132338E52700CABB12 /* version.h */ = {isa = PBXFileReference; fileEncoding = 4; lastKnownFileType = sourcecode.c.h; path = version.h; sourceTree = "<group>"; };
		DF733C142338E52700CABB12 /* buffersrc.h */ = {isa = PBXFileReference; fileEncoding = 4; lastKnownFileType = sourcecode.c.h; path = buffersrc.h; sourceTree = "<group>"; };
		DF733C152338E52700CABB12 /* asrc_abuffer.h */ = {isa = PBXFileReference; fileEncoding = 4; lastKnownFileType = sourcecode.c.h; path = asrc_abuffer.h; sourceTree = "<group>"; };
		DF733C162338E52700CABB12 /* buffersink.h */ = {isa = PBXFileReference; fileEncoding = 4; lastKnownFileType = sourcecode.c.h; path = buffersink.h; sourceTree = "<group>"; };
		DF733C172338E52700CABB12 /* avfilter.h */ = {isa = PBXFileReference; fileEncoding = 4; lastKnownFileType = sourcecode.c.h; path = avfilter.h; sourceTree = "<group>"; };
		DF733C182338E52700CABB12 /* avfiltergraph.h */ = {isa = PBXFileReference; fileEncoding = 4; lastKnownFileType = sourcecode.c.h; path = avfiltergraph.h; sourceTree = "<group>"; };
		DF733C1A2338E52700CABB12 /* time.h */ = {isa = PBXFileReference; fileEncoding = 4; lastKnownFileType = sourcecode.c.h; path = time.h; sourceTree = "<group>"; };
		DF733C1B2338E52700CABB12 /* intfloat.h */ = {isa = PBXFileReference; fileEncoding = 4; lastKnownFileType = sourcecode.c.h; path = intfloat.h; sourceTree = "<group>"; };
		DF733C1C2338E52700CABB12 /* error.h */ = {isa = PBXFileReference; fileEncoding = 4; lastKnownFileType = sourcecode.c.h; path = error.h; sourceTree = "<group>"; };
		DF733C1D2338E52700CABB12 /* fifo.h */ = {isa = PBXFileReference; fileEncoding = 4; lastKnownFileType = sourcecode.c.h; path = fifo.h; sourceTree = "<group>"; };
		DF733C1E2338E52700CABB12 /* blowfish.h */ = {isa = PBXFileReference; fileEncoding = 4; lastKnownFileType = sourcecode.c.h; path = blowfish.h; sourceTree = "<group>"; };
		DF733C1F2338E52700CABB12 /* replaygain.h */ = {isa = PBXFileReference; fileEncoding = 4; lastKnownFileType = sourcecode.c.h; path = replaygain.h; sourceTree = "<group>"; };
		DF733C202338E52700CABB12 /* version.h */ = {isa = PBXFileReference; fileEncoding = 4; lastKnownFileType = sourcecode.c.h; path = version.h; sourceTree = "<group>"; };
		DF733C212338E52700CABB12 /* murmur3.h */ = {isa = PBXFileReference; fileEncoding = 4; lastKnownFileType = sourcecode.c.h; path = murmur3.h; sourceTree = "<group>"; };
		DF733C222338E52700CABB12 /* stereo3d.h */ = {isa = PBXFileReference; fileEncoding = 4; lastKnownFileType = sourcecode.c.h; path = stereo3d.h; sourceTree = "<group>"; };
		DF733C232338E52700CABB12 /* samplefmt.h */ = {isa = PBXFileReference; fileEncoding = 4; lastKnownFileType = sourcecode.c.h; path = samplefmt.h; sourceTree = "<group>"; };
		DF733C242338E52700CABB12 /* pixdesc.h */ = {isa = PBXFileReference; fileEncoding = 4; lastKnownFileType = sourcecode.c.h; path = pixdesc.h; sourceTree = "<group>"; };
		DF733C252338E52700CABB12 /* base64.h */ = {isa = PBXFileReference; fileEncoding = 4; lastKnownFileType = sourcecode.c.h; path = base64.h; sourceTree = "<group>"; };
		DF733C262338E52700CABB12 /* rational.h */ = {isa = PBXFileReference; fileEncoding = 4; lastKnownFileType = sourcecode.c.h; path = rational.h; sourceTree = "<group>"; };
		DF733C272338E52700CABB12 /* sha.h */ = {isa = PBXFileReference; fileEncoding = 4; lastKnownFileType = sourcecode.c.h; path = sha.h; sourceTree = "<group>"; };
		DF733C282338E52700CABB12 /* motion_vector.h */ = {isa = PBXFileReference; fileEncoding = 4; lastKnownFileType = sourcecode.c.h; path = motion_vector.h; sourceTree = "<group>"; };
		DF733C292338E52700CABB12 /* avconfig.h */ = {isa = PBXFileReference; fileEncoding = 4; lastKnownFileType = sourcecode.c.h; path = avconfig.h; sourceTree = "<group>"; };
		DF733C2A2338E52700CABB12 /* lfg.h */ = {isa = PBXFileReference; fileEncoding = 4; lastKnownFileType = sourcecode.c.h; path = lfg.h; sourceTree = "<group>"; };
		DF733C2B2338E52700CABB12 /* avutil.h */ = {isa = PBXFileReference; fileEncoding = 4; lastKnownFileType = sourcecode.c.h; path = avutil.h; sourceTree = "<group>"; };
		DF733C2C2338E52700CABB12 /* xtea.h */ = {isa = PBXFileReference; fileEncoding = 4; lastKnownFileType = sourcecode.c.h; path = xtea.h; sourceTree = "<group>"; };
		DF733C2D2338E52700CABB12 /* crc.h */ = {isa = PBXFileReference; fileEncoding = 4; lastKnownFileType = sourcecode.c.h; path = crc.h; sourceTree = "<group>"; };
		DF733C2E2338E52700CABB12 /* frame.h */ = {isa = PBXFileReference; fileEncoding = 4; lastKnownFileType = sourcecode.c.h; path = frame.h; sourceTree = "<group>"; };
		DF733C2F2338E52700CABB12 /* file.h */ = {isa = PBXFileReference; fileEncoding = 4; lastKnownFileType = sourcecode.c.h; path = file.h; sourceTree = "<group>"; };
		DF733C302338E52700CABB12 /* md5.h */ = {isa = PBXFileReference; fileEncoding = 4; lastKnownFileType = sourcecode.c.h; path = md5.h; sourceTree = "<group>"; };
		DF733C312338E52700CABB12 /* cast5.h */ = {isa = PBXFileReference; fileEncoding = 4; lastKnownFileType = sourcecode.c.h; path = cast5.h; sourceTree = "<group>"; };
		DF733C322338E52700CABB12 /* ffversion.h */ = {isa = PBXFileReference; fileEncoding = 4; lastKnownFileType = sourcecode.c.h; path = ffversion.h; sourceTree = "<group>"; };
		DF733C332338E52700CABB12 /* audio_fifo.h */ = {isa = PBXFileReference; fileEncoding = 4; lastKnownFileType = sourcecode.c.h; path = audio_fifo.h; sourceTree = "<group>"; };
		DF733C342338E52700CABB12 /* threadmessage.h */ = {isa = PBXFileReference; fileEncoding = 4; lastKnownFileType = sourcecode.c.h; path = threadmessage.h; sourceTree = "<group>"; };
		DF733C352338E52700CABB12 /* attributes.h */ = {isa = PBXFileReference; fileEncoding = 4; lastKnownFileType = sourcecode.c.h; path = attributes.h; sourceTree = "<group>"; };
		DF733C362338E52700CABB12 /* adler32.h */ = {isa = PBXFileReference; fileEncoding = 4; lastKnownFileType = sourcecode.c.h; path = adler32.h; sourceTree = "<group>"; };
		DF733C372338E52700CABB12 /* timecode.h */ = {isa = PBXFileReference; fileEncoding = 4; lastKnownFileType = sourcecode.c.h; path = timecode.h; sourceTree = "<group>"; };
		DF733C382338E52700CABB12 /* sha512.h */ = {isa = PBXFileReference; fileEncoding = 4; lastKnownFileType = sourcecode.c.h; path = sha512.h; sourceTree = "<group>"; };
		DF733C392338E52700CABB12 /* display.h */ = {isa = PBXFileReference; fileEncoding = 4; lastKnownFileType = sourcecode.c.h; path = display.h; sourceTree = "<group>"; };
		DF733C3A2338E52700CABB12 /* buffer.h */ = {isa = PBXFileReference; fileEncoding = 4; lastKnownFileType = sourcecode.c.h; path = buffer.h; sourceTree = "<group>"; };
		DF733C3B2338E52700CABB12 /* camellia.h */ = {isa = PBXFileReference; fileEncoding = 4; lastKnownFileType = sourcecode.c.h; path = camellia.h; sourceTree = "<group>"; };
		DF733C3C2338E52700CABB12 /* pixelutils.h */ = {isa = PBXFileReference; fileEncoding = 4; lastKnownFileType = sourcecode.c.h; path = pixelutils.h; sourceTree = "<group>"; };
		DF733C3D2338E52700CABB12 /* common.h */ = {isa = PBXFileReference; fileEncoding = 4; lastKnownFileType = sourcecode.c.h; path = common.h; sourceTree = "<group>"; };
		DF733C3E2338E52700CABB12 /* hmac.h */ = {isa = PBXFileReference; fileEncoding = 4; lastKnownFileType = sourcecode.c.h; path = hmac.h; sourceTree = "<group>"; };
		DF733C3F2338E52700CABB12 /* eval.h */ = {isa = PBXFileReference; fileEncoding = 4; lastKnownFileType = sourcecode.c.h; path = eval.h; sourceTree = "<group>"; };
		DF733C402338E52700CABB12 /* dict.h */ = {isa = PBXFileReference; fileEncoding = 4; lastKnownFileType = sourcecode.c.h; path = dict.h; sourceTree = "<group>"; };
		DF733C412338E52700CABB12 /* random_seed.h */ = {isa = PBXFileReference; fileEncoding = 4; lastKnownFileType = sourcecode.c.h; path = random_seed.h; sourceTree = "<group>"; };
		DF733C422338E52700CABB12 /* opt.h */ = {isa = PBXFileReference; fileEncoding = 4; lastKnownFileType = sourcecode.c.h; path = opt.h; sourceTree = "<group>"; };
		DF733C432338E52700CABB12 /* log.h */ = {isa = PBXFileReference; fileEncoding = 4; lastKnownFileType = sourcecode.c.h; path = log.h; sourceTree = "<group>"; };
		DF733C442338E52700CABB12 /* aes.h */ = {isa = PBXFileReference; fileEncoding = 4; lastKnownFileType = sourcecode.c.h; path = aes.h; sourceTree = "<group>"; };
		DF733C452338E52700CABB12 /* macros.h */ = {isa = PBXFileReference; fileEncoding = 4; lastKnownFileType = sourcecode.c.h; path = macros.h; sourceTree = "<group>"; };
		DF733C462338E52700CABB12 /* bswap.h */ = {isa = PBXFileReference; fileEncoding = 4; lastKnownFileType = sourcecode.c.h; path = bswap.h; sourceTree = "<group>"; };
		DF733C472338E52700CABB12 /* old_pix_fmts.h */ = {isa = PBXFileReference; fileEncoding = 4; lastKnownFileType = sourcecode.c.h; path = old_pix_fmts.h; sourceTree = "<group>"; };
		DF733C482338E52700CABB12 /* tea.h */ = {isa = PBXFileReference; fileEncoding = 4; lastKnownFileType = sourcecode.c.h; path = tea.h; sourceTree = "<group>"; };
		DF733C492338E52700CABB12 /* cpu.h */ = {isa = PBXFileReference; fileEncoding = 4; lastKnownFileType = sourcecode.c.h; path = cpu.h; sourceTree = "<group>"; };
		DF733C4A2338E52700CABB12 /* audioconvert.h */ = {isa = PBXFileReference; fileEncoding = 4; lastKnownFileType = sourcecode.c.h; path = audioconvert.h; sourceTree = "<group>"; };
		DF733C4B2338E52700CABB12 /* lzo.h */ = {isa = PBXFileReference; fileEncoding = 4; lastKnownFileType = sourcecode.c.h; path = lzo.h; sourceTree = "<group>"; };
		DF733C4C2338E52700CABB12 /* channel_layout.h */ = {isa = PBXFileReference; fileEncoding = 4; lastKnownFileType = sourcecode.c.h; path = channel_layout.h; sourceTree = "<group>"; };
		DF733C4D2338E52700CABB12 /* twofish.h */ = {isa = PBXFileReference; fileEncoding = 4; lastKnownFileType = sourcecode.c.h; path = twofish.h; sourceTree = "<group>"; };
		DF733C4E2338E52700CABB12 /* imgutils.h */ = {isa = PBXFileReference; fileEncoding = 4; lastKnownFileType = sourcecode.c.h; path = imgutils.h; sourceTree = "<group>"; };
		DF733C4F2338E52700CABB12 /* mem.h */ = {isa = PBXFileReference; fileEncoding = 4; lastKnownFileType = sourcecode.c.h; path = mem.h; sourceTree = "<group>"; };
		DF733C502338E52700CABB12 /* parseutils.h */ = {isa = PBXFileReference; fileEncoding = 4; lastKnownFileType = sourcecode.c.h; path = parseutils.h; sourceTree = "<group>"; };
		DF733C512338E52700CABB12 /* ripemd.h */ = {isa = PBXFileReference; fileEncoding = 4; lastKnownFileType = sourcecode.c.h; path = ripemd.h; sourceTree = "<group>"; };
		DF733C522338E52700CABB12 /* bprint.h */ = {isa = PBXFileReference; fileEncoding = 4; lastKnownFileType = sourcecode.c.h; path = bprint.h; sourceTree = "<group>"; };
		DF733C532338E52700CABB12 /* pixfmt.h */ = {isa = PBXFileReference; fileEncoding = 4; lastKnownFileType = sourcecode.c.h; path = pixfmt.h; sourceTree = "<group>"; };
		DF733C542338E52700CABB12 /* timestamp.h */ = {isa = PBXFileReference; fileEncoding = 4; lastKnownFileType = sourcecode.c.h; path = timestamp.h; sourceTree = "<group>"; };
		DF733C552338E52700CABB12 /* downmix_info.h */ = {isa = PBXFileReference; fileEncoding = 4; lastKnownFileType = sourcecode.c.h; path = downmix_info.h; sourceTree = "<group>"; };
		DF733C562338E52700CABB12 /* avassert.h */ = {isa = PBXFileReference; fileEncoding = 4; lastKnownFileType = sourcecode.c.h; path = avassert.h; sourceTree = "<group>"; };
		DF733C572338E52700CABB12 /* hash.h */ = {isa = PBXFileReference; fileEncoding = 4; lastKnownFileType = sourcecode.c.h; path = hash.h; sourceTree = "<group>"; };
		DF733C582338E52700CABB12 /* mathematics.h */ = {isa = PBXFileReference; fileEncoding = 4; lastKnownFileType = sourcecode.c.h; path = mathematics.h; sourceTree = "<group>"; };
		DF733C592338E52700CABB12 /* intreadwrite.h */ = {isa = PBXFileReference; fileEncoding = 4; lastKnownFileType = sourcecode.c.h; path = intreadwrite.h; sourceTree = "<group>"; };
		DF733C5A2338E52700CABB12 /* avstring.h */ = {isa = PBXFileReference; fileEncoding = 4; lastKnownFileType = sourcecode.c.h; path = avstring.h; sourceTree = "<group>"; };
		DF733C5C2338E52700CABB12 /* version.h */ = {isa = PBXFileReference; fileEncoding = 4; lastKnownFileType = sourcecode.c.h; path = version.h; sourceTree = "<group>"; };
		DF733C5D2338E52700CABB12 /* avdevice.h */ = {isa = PBXFileReference; fileEncoding = 4; lastKnownFileType = sourcecode.c.h; path = avdevice.h; sourceTree = "<group>"; };
		DF733C5F2338E52700CABB12 /* version.h */ = {isa = PBXFileReference; fileEncoding = 4; lastKnownFileType = sourcecode.c.h; path = version.h; sourceTree = "<group>"; };
		DF733C602338E52700CABB12 /* avio.h */ = {isa = PBXFileReference; fileEncoding = 4; lastKnownFileType = sourcecode.c.h; path = avio.h; sourceTree = "<group>"; };
		DF733C612338E52700CABB12 /* avformat.h */ = {isa = PBXFileReference; fileEncoding = 4; lastKnownFileType = sourcecode.c.h; path = avformat.h; sourceTree = "<group>"; };
		DF733C632338E52700CABB12 /* version.h */ = {isa = PBXFileReference; fileEncoding = 4; lastKnownFileType = sourcecode.c.h; path = version.h; sourceTree = "<group>"; };
		DF733C642338E52700CABB12 /* swscale.h */ = {isa = PBXFileReference; fileEncoding = 4; lastKnownFileType = sourcecode.c.h; path = swscale.h; sourceTree = "<group>"; };
		DF733C662338E52700CABB12 /* avcodec.h */ = {isa = PBXFileReference; fileEncoding = 4; lastKnownFileType = sourcecode.c.h; path = avcodec.h; sourceTree = "<group>"; };
		DF733C672338E52700CABB12 /* version.h */ = {isa = PBXFileReference; fileEncoding = 4; lastKnownFileType = sourcecode.c.h; path = version.h; sourceTree = "<group>"; };
		DF733C682338E52700CABB12 /* vdpau.h */ = {isa = PBXFileReference; fileEncoding = 4; lastKnownFileType = sourcecode.c.h; path = vdpau.h; sourceTree = "<group>"; };
		DF733C692338E52700CABB12 /* qsv.h */ = {isa = PBXFileReference; fileEncoding = 4; lastKnownFileType = sourcecode.c.h; path = qsv.h; sourceTree = "<group>"; };
		DF733C6A2338E52700CABB12 /* vaapi.h */ = {isa = PBXFileReference; fileEncoding = 4; lastKnownFileType = sourcecode.c.h; path = vaapi.h; sourceTree = "<group>"; };
		DF733C6B2338E52700CABB12 /* videotoolbox.h */ = {isa = PBXFileReference; fileEncoding = 4; lastKnownFileType = sourcecode.c.h; path = videotoolbox.h; sourceTree = "<group>"; };
		DF733C6C2338E52700CABB12 /* xvmc.h */ = {isa = PBXFileReference; fileEncoding = 4; lastKnownFileType = sourcecode.c.h; path = xvmc.h; sourceTree = "<group>"; };
		DF733C6D2338E52700CABB12 /* d3d11va.h */ = {isa = PBXFileReference; fileEncoding = 4; lastKnownFileType = sourcecode.c.h; path = d3d11va.h; sourceTree = "<group>"; };
		DF733C6E2338E52700CABB12 /* avfft.h */ = {isa = PBXFileReference; fileEncoding = 4; lastKnownFileType = sourcecode.c.h; path = avfft.h; sourceTree = "<group>"; };
		DF733C6F2338E52700CABB12 /* vda.h */ = {isa = PBXFileReference; fileEncoding = 4; lastKnownFileType = sourcecode.c.h; path = vda.h; sourceTree = "<group>"; };
		DF733C702338E52700CABB12 /* vorbis_parser.h */ = {isa = PBXFileReference; fileEncoding = 4; lastKnownFileType = sourcecode.c.h; path = vorbis_parser.h; sourceTree = "<group>"; };
		DF733C712338E52700CABB12 /* dxva2.h */ = {isa = PBXFileReference; fileEncoding = 4; lastKnownFileType = sourcecode.c.h; path = dxva2.h; sourceTree = "<group>"; };
		DF733C722338E52700CABB12 /* dv_profile.h */ = {isa = PBXFileReference; fileEncoding = 4; lastKnownFileType = sourcecode.c.h; path = dv_profile.h; sourceTree = "<group>"; };
		DF733C732338E52700CABB12 /* old_codec_ids.h */ = {isa = PBXFileReference; fileEncoding = 4; lastKnownFileType = sourcecode.c.h; path = old_codec_ids.h; sourceTree = "<group>"; };
		DF733C752338E52700CABB12 /* version.h */ = {isa = PBXFileReference; fileEncoding = 4; lastKnownFileType = sourcecode.c.h; path = version.h; sourceTree = "<group>"; };
		DF733C762338E52700CABB12 /* swresample.h */ = {isa = PBXFileReference; fileEncoding = 4; lastKnownFileType = sourcecode.c.h; path = swresample.h; sourceTree = "<group>"; };
		DF733C782338E52700CABB12 /* libavutil.a */ = {isa = PBXFileReference; lastKnownFileType = archive.ar; path = libavutil.a; sourceTree = "<group>"; };
		DF733C792338E52700CABB12 /* libavfilter.a */ = {isa = PBXFileReference; lastKnownFileType = archive.ar; path = libavfilter.a; sourceTree = "<group>"; };
		DF733C7A2338E52700CABB12 /* libavcodec.a */ = {isa = PBXFileReference; lastKnownFileType = archive.ar; path = libavcodec.a; sourceTree = "<group>"; };
		DF733C7B2338E52700CABB12 /* libavformat.a */ = {isa = PBXFileReference; lastKnownFileType = archive.ar; path = libavformat.a; sourceTree = "<group>"; };
		DF733C7C2338E52700CABB12 /* libavdevice.a */ = {isa = PBXFileReference; lastKnownFileType = archive.ar; path = libavdevice.a; sourceTree = "<group>"; };
		DF733C7D2338E52700CABB12 /* libswresample.a */ = {isa = PBXFileReference; lastKnownFileType = archive.ar; path = libswresample.a; sourceTree = "<group>"; };
		DF733C7E2338E52700CABB12 /* libswscale.a */ = {isa = PBXFileReference; lastKnownFileType = archive.ar; path = libswscale.a; sourceTree = "<group>"; };
		DFCEB6262334E5840040AD44 /* IJKMediaPlayer.xcodeproj */ = {isa = PBXFileReference; lastKnownFileType = "wrapper.pb-project"; name = IJKMediaPlayer.xcodeproj; path = "../../ijkplayer-ios/ios/IJKMediaPlayer/IJKMediaPlayer.xcodeproj"; sourceTree = "<group>"; };
		DFCEB6362334E5F10040AD44 /* AudioToolbox.framework */ = {isa = PBXFileReference; lastKnownFileType = wrapper.framework; name = AudioToolbox.framework; path = System/Library/Frameworks/AudioToolbox.framework; sourceTree = SDKROOT; };
		DFCEB6382334E5F80040AD44 /* AVFoundation.framework */ = {isa = PBXFileReference; lastKnownFileType = wrapper.framework; name = AVFoundation.framework; path = System/Library/Frameworks/AVFoundation.framework; sourceTree = SDKROOT; };
		DFCEB63A2334E5FF0040AD44 /* CoreGraphics.framework */ = {isa = PBXFileReference; lastKnownFileType = wrapper.framework; name = CoreGraphics.framework; path = System/Library/Frameworks/CoreGraphics.framework; sourceTree = SDKROOT; };
		DFCEB63C2334E6070040AD44 /* CoreMedia.framework */ = {isa = PBXFileReference; lastKnownFileType = wrapper.framework; name = CoreMedia.framework; path = System/Library/Frameworks/CoreMedia.framework; sourceTree = SDKROOT; };
		DFCEB63E2334E60E0040AD44 /* CoreVideo.framework */ = {isa = PBXFileReference; lastKnownFileType = wrapper.framework; name = CoreVideo.framework; path = System/Library/Frameworks/CoreVideo.framework; sourceTree = SDKROOT; };
		DFCEB6402334E61A0040AD44 /* libbz2.tbd */ = {isa = PBXFileReference; lastKnownFileType = "sourcecode.text-based-dylib-definition"; name = libbz2.tbd; path = usr/lib/libbz2.tbd; sourceTree = SDKROOT; };
		DFCEB6422334E6240040AD44 /* libz.tbd */ = {isa = PBXFileReference; lastKnownFileType = "sourcecode.text-based-dylib-definition"; name = libz.tbd; path = usr/lib/libz.tbd; sourceTree = SDKROOT; };
		DFCEB6442334E62F0040AD44 /* MediaPlayer.framework */ = {isa = PBXFileReference; lastKnownFileType = wrapper.framework; name = MediaPlayer.framework; path = System/Library/Frameworks/MediaPlayer.framework; sourceTree = SDKROOT; };
		DFCEB6462334E63C0040AD44 /* MobileCoreServices.framework */ = {isa = PBXFileReference; lastKnownFileType = wrapper.framework; name = MobileCoreServices.framework; path = System/Library/Frameworks/MobileCoreServices.framework; sourceTree = SDKROOT; };
		DFCEB6482334E6460040AD44 /* OpenGLES.framework */ = {isa = PBXFileReference; lastKnownFileType = wrapper.framework; name = OpenGLES.framework; path = System/Library/Frameworks/OpenGLES.framework; sourceTree = SDKROOT; };
		DFCEB64A2334E6510040AD44 /* QuartzCore.framework */ = {isa = PBXFileReference; lastKnownFileType = wrapper.framework; name = QuartzCore.framework; path = System/Library/Frameworks/QuartzCore.framework; sourceTree = SDKROOT; };
		DFCEB64C2334E6580040AD44 /* UIKit.framework */ = {isa = PBXFileReference; lastKnownFileType = wrapper.framework; name = UIKit.framework; path = System/Library/Frameworks/UIKit.framework; sourceTree = SDKROOT; };
		DFCEB64E2334E6630040AD44 /* VideoToolbox.framework */ = {isa = PBXFileReference; lastKnownFileType = wrapper.framework; name = VideoToolbox.framework; path = System/Library/Frameworks/VideoToolbox.framework; sourceTree = SDKROOT; };
/* End PBXFileReference section */

/* Begin PBXFrameworksBuildPhase section */
		DF1FAF50233B644A00E7962F /* Frameworks */ = {
			isa = PBXFrameworksBuildPhase;
			buildActionMask = 2147483647;
			files = (
				DF1FAFD0233B646700E7962F /* libavdevice.a in Frameworks */,
				DF1FAFDE233B665100E7962F /* libbz2.tbd in Frameworks */,
				DF1FAFD2233B646700E7962F /* libswscale.a in Frameworks */,
				DF1FAFCD233B646700E7962F /* libavfilter.a in Frameworks */,
				DF1FAFE4233B67C400E7962F /* CoreFoundation.framework in Frameworks */,
				DF1FAFDA233B661C00E7962F /* VideoToolbox.framework in Frameworks */,
				DF1FAFD6233B660B00E7962F /* CoreMedia.framework in Frameworks */,
				DF1FAFD4233B65FB00E7962F /* AudioToolbox.framework in Frameworks */,
				DF1FAFDC233B663D00E7962F /* libiconv.tbd in Frameworks */,
				DF1FAFCC233B646700E7962F /* libavutil.a in Frameworks */,
				DF1FAFE0233B666A00E7962F /* libz.tbd in Frameworks */,
				DF1FAFCE233B646700E7962F /* libavcodec.a in Frameworks */,
				DF1FAFD1233B646700E7962F /* libswresample.a in Frameworks */,
				DF1FAFD8233B661400E7962F /* CoreGraphics.framework in Frameworks */,
				DF1FAFCF233B646700E7962F /* libavformat.a in Frameworks */,
				DF1FAFE2233B67BA00E7962F /* CoreVideo.framework in Frameworks */,
			);
			runOnlyForDeploymentPostprocessing = 0;
		};
		DF1FB015233B6F8200E7962F /* Frameworks */ = {
			isa = PBXFrameworksBuildPhase;
			buildActionMask = 2147483647;
			files = (
			);
			runOnlyForDeploymentPostprocessing = 0;
		};
		DF4091962334AEDF0028E555 /* Frameworks */ = {
			isa = PBXFrameworksBuildPhase;
			buildActionMask = 2147483647;
			files = (
				DF0F51672334F1D900A93581 /* libc++abi.tbd in Frameworks */,
				DF733C832338E52800CABB12 /* libavdevice.a in Frameworks */,
				DF0F51682334F1D900A93581 /* libc++.tbd in Frameworks */,
				DF0F51642334F1C900A93581 /* libc++.1.tbd in Frameworks */,
				DFCEB64F2334E6630040AD44 /* VideoToolbox.framework in Frameworks */,
				DFCEB64D2334E6580040AD44 /* UIKit.framework in Frameworks */,
				DF733C812338E52800CABB12 /* libavcodec.a in Frameworks */,
				DF201BC82338CA8F00F0792F /* libiconv.tbd in Frameworks */,
				DFCEB64B2334E6510040AD44 /* QuartzCore.framework in Frameworks */,
				DFCEB6492334E6460040AD44 /* OpenGLES.framework in Frameworks */,
				DFCEB6472334E63C0040AD44 /* MobileCoreServices.framework in Frameworks */,
				DFCEB6452334E62F0040AD44 /* MediaPlayer.framework in Frameworks */,
				DFCEB6432334E6240040AD44 /* libz.tbd in Frameworks */,
				DFCEB6412334E61A0040AD44 /* libbz2.tbd in Frameworks */,
				DF733C822338E52800CABB12 /* libavformat.a in Frameworks */,
				DFCEB63F2334E60E0040AD44 /* CoreVideo.framework in Frameworks */,
				DF733C852338E52800CABB12 /* libswscale.a in Frameworks */,
				DF733C842338E52800CABB12 /* libswresample.a in Frameworks */,
				DFCEB63D2334E6070040AD44 /* CoreMedia.framework in Frameworks */,
				DFCEB63B2334E5FF0040AD44 /* CoreGraphics.framework in Frameworks */,
				DFCEB6392334E5F80040AD44 /* AVFoundation.framework in Frameworks */,
				DF733C802338E52800CABB12 /* libavfilter.a in Frameworks */,
				DF733C7F2338E52800CABB12 /* libavutil.a in Frameworks */,
				DFCEB6372334E5F10040AD44 /* AudioToolbox.framework in Frameworks */,
				DFCEB6352334E5E80040AD44 /* IJKMediaFramework.framework in Frameworks */,
			);
			runOnlyForDeploymentPostprocessing = 0;
		};
/* End PBXFrameworksBuildPhase section */

/* Begin PBXGroup section */
		DF1FAF54233B644A00E7962F /* ffmpeg+sdl */ = {
			isa = PBXGroup;
			children = (
				DF1FAF5C233B646700E7962F /* FFmpeg-iOS */,
				DF1FAF55233B644A00E7962F /* main.m */,
			);
			path = "ffmpeg+sdl";
			sourceTree = "<group>";
		};
		DF1FAF5C233B646700E7962F /* FFmpeg-iOS */ = {
			isa = PBXGroup;
			children = (
				DF1FAF5D233B646700E7962F /* include */,
				DF1FAFC4233B646700E7962F /* lib */,
			);
			name = "FFmpeg-iOS";
			path = "Category/FFmpeg-iOS";
			sourceTree = SOURCE_ROOT;
		};
		DF1FAF5D233B646700E7962F /* include */ = {
			isa = PBXGroup;
			children = (
				DF1FAF5E233B646700E7962F /* libavfilter */,
				DF1FAF66233B646700E7962F /* libavutil */,
				DF1FAFA8233B646700E7962F /* libavdevice */,
				DF1FAFAB233B646700E7962F /* libavformat */,
				DF1FAFAF233B646700E7962F /* libswscale */,
				DF1FAFB2233B646700E7962F /* libavcodec */,
				DF1FAFC1233B646700E7962F /* libswresample */,
			);
			path = include;
			sourceTree = "<group>";
		};
		DF1FAF5E233B646700E7962F /* libavfilter */ = {
			isa = PBXGroup;
			children = (
				DF1FAF5F233B646700E7962F /* avcodec.h */,
				DF1FAF60233B646700E7962F /* version.h */,
				DF1FAF61233B646700E7962F /* buffersrc.h */,
				DF1FAF62233B646700E7962F /* asrc_abuffer.h */,
				DF1FAF63233B646700E7962F /* buffersink.h */,
				DF1FAF64233B646700E7962F /* avfilter.h */,
				DF1FAF65233B646700E7962F /* avfiltergraph.h */,
			);
			path = libavfilter;
			sourceTree = "<group>";
		};
		DF1FAF66233B646700E7962F /* libavutil */ = {
			isa = PBXGroup;
			children = (
				DF1FAF67233B646700E7962F /* time.h */,
				DF1FAF68233B646700E7962F /* intfloat.h */,
				DF1FAF69233B646700E7962F /* error.h */,
				DF1FAF6A233B646700E7962F /* fifo.h */,
				DF1FAF6B233B646700E7962F /* blowfish.h */,
				DF1FAF6C233B646700E7962F /* replaygain.h */,
				DF1FAF6D233B646700E7962F /* version.h */,
				DF1FAF6E233B646700E7962F /* murmur3.h */,
				DF1FAF6F233B646700E7962F /* stereo3d.h */,
				DF1FAF70233B646700E7962F /* samplefmt.h */,
				DF1FAF71233B646700E7962F /* pixdesc.h */,
				DF1FAF72233B646700E7962F /* base64.h */,
				DF1FAF73233B646700E7962F /* rational.h */,
				DF1FAF74233B646700E7962F /* sha.h */,
				DF1FAF75233B646700E7962F /* motion_vector.h */,
				DF1FAF76233B646700E7962F /* avconfig.h */,
				DF1FAF77233B646700E7962F /* lfg.h */,
				DF1FAF78233B646700E7962F /* avutil.h */,
				DF1FAF79233B646700E7962F /* xtea.h */,
				DF1FAF7A233B646700E7962F /* crc.h */,
				DF1FAF7B233B646700E7962F /* frame.h */,
				DF1FAF7C233B646700E7962F /* file.h */,
				DF1FAF7D233B646700E7962F /* md5.h */,
				DF1FAF7E233B646700E7962F /* cast5.h */,
				DF1FAF7F233B646700E7962F /* ffversion.h */,
				DF1FAF80233B646700E7962F /* audio_fifo.h */,
				DF1FAF81233B646700E7962F /* threadmessage.h */,
				DF1FAF82233B646700E7962F /* attributes.h */,
				DF1FAF83233B646700E7962F /* adler32.h */,
				DF1FAF84233B646700E7962F /* timecode.h */,
				DF1FAF85233B646700E7962F /* sha512.h */,
				DF1FAF86233B646700E7962F /* display.h */,
				DF1FAF87233B646700E7962F /* buffer.h */,
				DF1FAF88233B646700E7962F /* camellia.h */,
				DF1FAF89233B646700E7962F /* pixelutils.h */,
				DF1FAF8A233B646700E7962F /* common.h */,
				DF1FAF8B233B646700E7962F /* hmac.h */,
				DF1FAF8C233B646700E7962F /* eval.h */,
				DF1FAF8D233B646700E7962F /* dict.h */,
				DF1FAF8E233B646700E7962F /* random_seed.h */,
				DF1FAF8F233B646700E7962F /* opt.h */,
				DF1FAF90233B646700E7962F /* log.h */,
				DF1FAF91233B646700E7962F /* aes.h */,
				DF1FAF92233B646700E7962F /* macros.h */,
				DF1FAF93233B646700E7962F /* bswap.h */,
				DF1FAF94233B646700E7962F /* old_pix_fmts.h */,
				DF1FAF95233B646700E7962F /* tea.h */,
				DF1FAF96233B646700E7962F /* cpu.h */,
				DF1FAF97233B646700E7962F /* audioconvert.h */,
				DF1FAF98233B646700E7962F /* lzo.h */,
				DF1FAF99233B646700E7962F /* channel_layout.h */,
				DF1FAF9A233B646700E7962F /* twofish.h */,
				DF1FAF9B233B646700E7962F /* imgutils.h */,
				DF1FAF9C233B646700E7962F /* mem.h */,
				DF1FAF9D233B646700E7962F /* parseutils.h */,
				DF1FAF9E233B646700E7962F /* ripemd.h */,
				DF1FAF9F233B646700E7962F /* bprint.h */,
				DF1FAFA0233B646700E7962F /* pixfmt.h */,
				DF1FAFA1233B646700E7962F /* timestamp.h */,
				DF1FAFA2233B646700E7962F /* downmix_info.h */,
				DF1FAFA3233B646700E7962F /* avassert.h */,
				DF1FAFA4233B646700E7962F /* hash.h */,
				DF1FAFA5233B646700E7962F /* mathematics.h */,
				DF1FAFA6233B646700E7962F /* intreadwrite.h */,
				DF1FAFA7233B646700E7962F /* avstring.h */,
			);
			path = libavutil;
			sourceTree = "<group>";
		};
		DF1FAFA8233B646700E7962F /* libavdevice */ = {
			isa = PBXGroup;
			children = (
				DF1FAFA9233B646700E7962F /* version.h */,
				DF1FAFAA233B646700E7962F /* avdevice.h */,
			);
			path = libavdevice;
			sourceTree = "<group>";
		};
		DF1FAFAB233B646700E7962F /* libavformat */ = {
			isa = PBXGroup;
			children = (
				DF1FAFAC233B646700E7962F /* version.h */,
				DF1FAFAD233B646700E7962F /* avio.h */,
				DF1FAFAE233B646700E7962F /* avformat.h */,
			);
			path = libavformat;
			sourceTree = "<group>";
		};
		DF1FAFAF233B646700E7962F /* libswscale */ = {
			isa = PBXGroup;
			children = (
				DF1FAFB0233B646700E7962F /* version.h */,
				DF1FAFB1233B646700E7962F /* swscale.h */,
			);
			path = libswscale;
			sourceTree = "<group>";
		};
		DF1FAFB2233B646700E7962F /* libavcodec */ = {
			isa = PBXGroup;
			children = (
				DF1FAFB3233B646700E7962F /* avcodec.h */,
				DF1FAFB4233B646700E7962F /* version.h */,
				DF1FAFB5233B646700E7962F /* vdpau.h */,
				DF1FAFB6233B646700E7962F /* qsv.h */,
				DF1FAFB7233B646700E7962F /* vaapi.h */,
				DF1FAFB8233B646700E7962F /* videotoolbox.h */,
				DF1FAFB9233B646700E7962F /* xvmc.h */,
				DF1FAFBA233B646700E7962F /* d3d11va.h */,
				DF1FAFBB233B646700E7962F /* avfft.h */,
				DF1FAFBC233B646700E7962F /* vda.h */,
				DF1FAFBD233B646700E7962F /* vorbis_parser.h */,
				DF1FAFBE233B646700E7962F /* dxva2.h */,
				DF1FAFBF233B646700E7962F /* dv_profile.h */,
				DF1FAFC0233B646700E7962F /* old_codec_ids.h */,
			);
			path = libavcodec;
			sourceTree = "<group>";
		};
		DF1FAFC1233B646700E7962F /* libswresample */ = {
			isa = PBXGroup;
			children = (
				DF1FAFC2233B646700E7962F /* version.h */,
				DF1FAFC3233B646700E7962F /* swresample.h */,
			);
			path = libswresample;
			sourceTree = "<group>";
		};
		DF1FAFC4233B646700E7962F /* lib */ = {
			isa = PBXGroup;
			children = (
				DF1FAFC5233B646700E7962F /* libavutil.a */,
				DF1FAFC6233B646700E7962F /* libavfilter.a */,
				DF1FAFC7233B646700E7962F /* libavcodec.a */,
				DF1FAFC8233B646700E7962F /* libavformat.a */,
				DF1FAFC9233B646700E7962F /* libavdevice.a */,
				DF1FAFCA233B646700E7962F /* libswresample.a */,
				DF1FAFCB233B646700E7962F /* libswscale.a */,
			);
			path = lib;
			sourceTree = "<group>";
		};
		DF201B492338B26A00F0792F /* category */ = {
			isa = PBXGroup;
			children = (
				DF4091B22334B1090028E555 /* UIView+MainThreadGuard.h */,
				DF4091B32334B1100028E555 /* UIView+MainThreadGuard.m */,
			);
			path = category;
			sourceTree = "<group>";
		};
		DF201B4A2338B28C00F0792F /* ijk */ = {
			isa = PBXGroup;
			children = (
				DF40919F2334AEDF0028E555 /* MUIJKPlayerViewController.h */,
				DF4091A02334AEDF0028E555 /* MUIJKPlayerViewController.m */,
			);
			path = ijk;
			sourceTree = "<group>";
		};
		DF4091902334AEDF0028E555 = {
			isa = PBXGroup;
			children = (
				DF40919B2334AEDF0028E555 /* Category */,
				DF1FAF54233B644A00E7962F /* ffmpeg+sdl */,
				DF40919A2334AEDF0028E555 /* Products */,
				DFCEB6342334E5E80040AD44 /* Frameworks */,
			);
			sourceTree = "<group>";
		};
		DF40919A2334AEDF0028E555 /* Products */ = {
			isa = PBXGroup;
			children = (
				DF4091992334AEDF0028E555 /* Category.app */,
				DF1FAF53233B644A00E7962F /* ffmpeg+sdl */,
				DF1FB018233B6F8200E7962F /* sdl */,
			);
			name = Products;
			sourceTree = "<group>";
		};
		DF40919B2334AEDF0028E555 /* Category */ = {
			isa = PBXGroup;
			children = (
				DF733C0F2338E52700CABB12 /* FFmpeg-iOS */,
				DF201B4A2338B28C00F0792F /* ijk */,
				DF201B492338B26A00F0792F /* category */,
				DF40919C2334AEDF0028E555 /* AppDelegate.h */,
				DF40919D2334AEDF0028E555 /* AppDelegate.m */,
				DF201B402338AE6B00F0792F /* MainViewController.h */,
				DF201B412338AE6B00F0792F /* MainViewController.m */,
				DF201B442338B23800F0792F /* MUTestViewController.h */,
				DF201B452338B23800F0792F /* MUTestViewController.m */,
				DF0F51722334FEF500A93581 /* video.ts */,
				DFCEB6262334E5840040AD44 /* IJKMediaPlayer.xcodeproj */,
				DF4091A22334AEDF0028E555 /* Main.storyboard */,
				DF4091A52334AEE00028E555 /* Assets.xcassets */,
				DF4091A72334AEE00028E555 /* LaunchScreen.storyboard */,
				DF4091AA2334AEE00028E555 /* Info.plist */,
				DF4091AB2334AEE00028E555 /* main.m */,
			);
			path = Category;
			sourceTree = "<group>";
		};
		DF733C0F2338E52700CABB12 /* FFmpeg-iOS */ = {
			isa = PBXGroup;
			children = (
				DF733C102338E52700CABB12 /* include */,
				DF733C772338E52700CABB12 /* lib */,
			);
			path = "FFmpeg-iOS";
			sourceTree = "<group>";
		};
		DF733C102338E52700CABB12 /* include */ = {
			isa = PBXGroup;
			children = (
				DF733C112338E52700CABB12 /* libavfilter */,
				DF733C192338E52700CABB12 /* libavutil */,
				DF733C5B2338E52700CABB12 /* libavdevice */,
				DF733C5E2338E52700CABB12 /* libavformat */,
				DF733C622338E52700CABB12 /* libswscale */,
				DF733C652338E52700CABB12 /* libavcodec */,
				DF733C742338E52700CABB12 /* libswresample */,
			);
			path = include;
			sourceTree = "<group>";
		};
		DF733C112338E52700CABB12 /* libavfilter */ = {
			isa = PBXGroup;
			children = (
				DF733C122338E52700CABB12 /* avcodec.h */,
				DF733C132338E52700CABB12 /* version.h */,
				DF733C142338E52700CABB12 /* buffersrc.h */,
				DF733C152338E52700CABB12 /* asrc_abuffer.h */,
				DF733C162338E52700CABB12 /* buffersink.h */,
				DF733C172338E52700CABB12 /* avfilter.h */,
				DF733C182338E52700CABB12 /* avfiltergraph.h */,
			);
			path = libavfilter;
			sourceTree = "<group>";
		};
		DF733C192338E52700CABB12 /* libavutil */ = {
			isa = PBXGroup;
			children = (
				DF733C1A2338E52700CABB12 /* time.h */,
				DF733C1B2338E52700CABB12 /* intfloat.h */,
				DF733C1C2338E52700CABB12 /* error.h */,
				DF733C1D2338E52700CABB12 /* fifo.h */,
				DF733C1E2338E52700CABB12 /* blowfish.h */,
				DF733C1F2338E52700CABB12 /* replaygain.h */,
				DF733C202338E52700CABB12 /* version.h */,
				DF733C212338E52700CABB12 /* murmur3.h */,
				DF733C222338E52700CABB12 /* stereo3d.h */,
				DF733C232338E52700CABB12 /* samplefmt.h */,
				DF733C242338E52700CABB12 /* pixdesc.h */,
				DF733C252338E52700CABB12 /* base64.h */,
				DF733C262338E52700CABB12 /* rational.h */,
				DF733C272338E52700CABB12 /* sha.h */,
				DF733C282338E52700CABB12 /* motion_vector.h */,
				DF733C292338E52700CABB12 /* avconfig.h */,
				DF733C2A2338E52700CABB12 /* lfg.h */,
				DF733C2B2338E52700CABB12 /* avutil.h */,
				DF733C2C2338E52700CABB12 /* xtea.h */,
				DF733C2D2338E52700CABB12 /* crc.h */,
				DF733C2E2338E52700CABB12 /* frame.h */,
				DF733C2F2338E52700CABB12 /* file.h */,
				DF733C302338E52700CABB12 /* md5.h */,
				DF733C312338E52700CABB12 /* cast5.h */,
				DF733C322338E52700CABB12 /* ffversion.h */,
				DF733C332338E52700CABB12 /* audio_fifo.h */,
				DF733C342338E52700CABB12 /* threadmessage.h */,
				DF733C352338E52700CABB12 /* attributes.h */,
				DF733C362338E52700CABB12 /* adler32.h */,
				DF733C372338E52700CABB12 /* timecode.h */,
				DF733C382338E52700CABB12 /* sha512.h */,
				DF733C392338E52700CABB12 /* display.h */,
				DF733C3A2338E52700CABB12 /* buffer.h */,
				DF733C3B2338E52700CABB12 /* camellia.h */,
				DF733C3C2338E52700CABB12 /* pixelutils.h */,
				DF733C3D2338E52700CABB12 /* common.h */,
				DF733C3E2338E52700CABB12 /* hmac.h */,
				DF733C3F2338E52700CABB12 /* eval.h */,
				DF733C402338E52700CABB12 /* dict.h */,
				DF733C412338E52700CABB12 /* random_seed.h */,
				DF733C422338E52700CABB12 /* opt.h */,
				DF733C432338E52700CABB12 /* log.h */,
				DF733C442338E52700CABB12 /* aes.h */,
				DF733C452338E52700CABB12 /* macros.h */,
				DF733C462338E52700CABB12 /* bswap.h */,
				DF733C472338E52700CABB12 /* old_pix_fmts.h */,
				DF733C482338E52700CABB12 /* tea.h */,
				DF733C492338E52700CABB12 /* cpu.h */,
				DF733C4A2338E52700CABB12 /* audioconvert.h */,
				DF733C4B2338E52700CABB12 /* lzo.h */,
				DF733C4C2338E52700CABB12 /* channel_layout.h */,
				DF733C4D2338E52700CABB12 /* twofish.h */,
				DF733C4E2338E52700CABB12 /* imgutils.h */,
				DF733C4F2338E52700CABB12 /* mem.h */,
				DF733C502338E52700CABB12 /* parseutils.h */,
				DF733C512338E52700CABB12 /* ripemd.h */,
				DF733C522338E52700CABB12 /* bprint.h */,
				DF733C532338E52700CABB12 /* pixfmt.h */,
				DF733C542338E52700CABB12 /* timestamp.h */,
				DF733C552338E52700CABB12 /* downmix_info.h */,
				DF733C562338E52700CABB12 /* avassert.h */,
				DF733C572338E52700CABB12 /* hash.h */,
				DF733C582338E52700CABB12 /* mathematics.h */,
				DF733C592338E52700CABB12 /* intreadwrite.h */,
				DF733C5A2338E52700CABB12 /* avstring.h */,
			);
			path = libavutil;
			sourceTree = "<group>";
		};
		DF733C5B2338E52700CABB12 /* libavdevice */ = {
			isa = PBXGroup;
			children = (
				DF733C5C2338E52700CABB12 /* version.h */,
				DF733C5D2338E52700CABB12 /* avdevice.h */,
			);
			path = libavdevice;
			sourceTree = "<group>";
		};
		DF733C5E2338E52700CABB12 /* libavformat */ = {
			isa = PBXGroup;
			children = (
				DF733C5F2338E52700CABB12 /* version.h */,
				DF733C602338E52700CABB12 /* avio.h */,
				DF733C612338E52700CABB12 /* avformat.h */,
			);
			path = libavformat;
			sourceTree = "<group>";
		};
		DF733C622338E52700CABB12 /* libswscale */ = {
			isa = PBXGroup;
			children = (
				DF733C632338E52700CABB12 /* version.h */,
				DF733C642338E52700CABB12 /* swscale.h */,
			);
			path = libswscale;
			sourceTree = "<group>";
		};
		DF733C652338E52700CABB12 /* libavcodec */ = {
			isa = PBXGroup;
			children = (
				DF733C662338E52700CABB12 /* avcodec.h */,
				DF733C672338E52700CABB12 /* version.h */,
				DF733C682338E52700CABB12 /* vdpau.h */,
				DF733C692338E52700CABB12 /* qsv.h */,
				DF733C6A2338E52700CABB12 /* vaapi.h */,
				DF733C6B2338E52700CABB12 /* videotoolbox.h */,
				DF733C6C2338E52700CABB12 /* xvmc.h */,
				DF733C6D2338E52700CABB12 /* d3d11va.h */,
				DF733C6E2338E52700CABB12 /* avfft.h */,
				DF733C6F2338E52700CABB12 /* vda.h */,
				DF733C702338E52700CABB12 /* vorbis_parser.h */,
				DF733C712338E52700CABB12 /* dxva2.h */,
				DF733C722338E52700CABB12 /* dv_profile.h */,
				DF733C732338E52700CABB12 /* old_codec_ids.h */,
			);
			path = libavcodec;
			sourceTree = "<group>";
		};
		DF733C742338E52700CABB12 /* libswresample */ = {
			isa = PBXGroup;
			children = (
				DF733C752338E52700CABB12 /* version.h */,
				DF733C762338E52700CABB12 /* swresample.h */,
			);
			path = libswresample;
			sourceTree = "<group>";
		};
		DF733C772338E52700CABB12 /* lib */ = {
			isa = PBXGroup;
			children = (
				DF733C782338E52700CABB12 /* libavutil.a */,
				DF733C792338E52700CABB12 /* libavfilter.a */,
				DF733C7A2338E52700CABB12 /* libavcodec.a */,
				DF733C7B2338E52700CABB12 /* libavformat.a */,
				DF733C7C2338E52700CABB12 /* libavdevice.a */,
				DF733C7D2338E52700CABB12 /* libswresample.a */,
				DF733C7E2338E52700CABB12 /* libswscale.a */,
			);
			path = lib;
			sourceTree = "<group>";
		};
		DFCEB6272334E5840040AD44 /* Products */ = {
			isa = PBXGroup;
			children = (
				DFCEB62D2334E5840040AD44 /* IJKMediaFramework.framework */,
				DFCEB62F2334E5840040AD44 /* IJKMediaFrameworkWithSSL.framework */,
				DFCEB6312334E5840040AD44 /* IJKMediaFrameworkTests.xctest */,
			);
			name = Products;
			sourceTree = "<group>";
		};
		DFCEB6342334E5E80040AD44 /* Frameworks */ = {
			isa = PBXGroup;
			children = (
				DF1FAFE3233B67C400E7962F /* CoreFoundation.framework */,
				DF1FAFE1233B67BA00E7962F /* CoreVideo.framework */,
				DF1FAFDF233B665E00E7962F /* libz.tbd */,
				DF1FAFDD233B664800E7962F /* libbz2.tbd */,
				DF1FAFDB233B662E00E7962F /* libiconv.tbd */,
				DF1FAFD9233B661C00E7962F /* VideoToolbox.framework */,
				DF1FAFD7233B661400E7962F /* CoreGraphics.framework */,
				DF1FAFD5233B660B00E7962F /* CoreMedia.framework */,
				DF1FAFD3233B65FB00E7962F /* AudioToolbox.framework */,
				DF201BC72338C9F200F0792F /* libiconv.tbd */,
				DF0F51662334F1D900A93581 /* libc++.tbd */,
				DF0F51652334F1D900A93581 /* libc++abi.tbd */,
				DF0F51612334F1C900A93581 /* libc++.1.tbd */,
				DFCEB64E2334E6630040AD44 /* VideoToolbox.framework */,
				DFCEB64C2334E6580040AD44 /* UIKit.framework */,
				DFCEB64A2334E6510040AD44 /* QuartzCore.framework */,
				DFCEB6482334E6460040AD44 /* OpenGLES.framework */,
				DFCEB6462334E63C0040AD44 /* MobileCoreServices.framework */,
				DFCEB6442334E62F0040AD44 /* MediaPlayer.framework */,
				DFCEB6422334E6240040AD44 /* libz.tbd */,
				DFCEB6402334E61A0040AD44 /* libbz2.tbd */,
				DFCEB63E2334E60E0040AD44 /* CoreVideo.framework */,
				DFCEB63C2334E6070040AD44 /* CoreMedia.framework */,
				DFCEB63A2334E5FF0040AD44 /* CoreGraphics.framework */,
				DFCEB6382334E5F80040AD44 /* AVFoundation.framework */,
				DFCEB6362334E5F10040AD44 /* AudioToolbox.framework */,
			);
			name = Frameworks;
			sourceTree = "<group>";
		};
/* End PBXGroup section */

/* Begin PBXNativeTarget section */
		DF1FAF52233B644A00E7962F /* ffmpeg+sdl */ = {
			isa = PBXNativeTarget;
			buildConfigurationList = DF1FAF5B233B644A00E7962F /* Build configuration list for PBXNativeTarget "ffmpeg+sdl" */;
			buildPhases = (
				DF1FAF4F233B644A00E7962F /* Sources */,
				DF1FAF50233B644A00E7962F /* Frameworks */,
				DF1FAF51233B644A00E7962F /* CopyFiles */,
			);
			buildRules = (
			);
			dependencies = (
			);
			name = "ffmpeg+sdl";
			productName = "ffmpeg+sdl";
			productReference = DF1FAF53233B644A00E7962F /* ffmpeg+sdl */;
			productType = "com.apple.product-type.tool";
		};
		DF1FB017233B6F8200E7962F /* sdl */ = {
			isa = PBXNativeTarget;
			buildConfigurationList = DF1FB01C233B6F8200E7962F /* Build configuration list for PBXNativeTarget "sdl" */;
			buildPhases = (
				DF1FB014233B6F8200E7962F /* Sources */,
				DF1FB015233B6F8200E7962F /* Frameworks */,
				DF1FB016233B6F8200E7962F /* CopyFiles */,
			);
			buildRules = (
			);
			dependencies = (
			);
			name = sdl;
			productName = sdl;
			productReference = DF1FB018233B6F8200E7962F /* sdl */;
			productType = "com.apple.product-type.tool";
		};
		DF4091982334AEDF0028E555 /* Category */ = {
			isa = PBXNativeTarget;
			buildConfigurationList = DF4091AF2334AEE00028E555 /* Build configuration list for PBXNativeTarget "Category" */;
			buildPhases = (
				DF4091952334AEDF0028E555 /* Sources */,
				DF4091962334AEDF0028E555 /* Frameworks */,
				DF4091972334AEDF0028E555 /* Resources */,
			);
			buildRules = (
			);
			dependencies = (
				DFCEB6332334E5D20040AD44 /* PBXTargetDependency */,
			);
			name = Category;
			productName = Category;
			productReference = DF4091992334AEDF0028E555 /* Category.app */;
			productType = "com.apple.product-type.application";
		};
/* End PBXNativeTarget section */

/* Begin PBXProject section */
		DF4091912334AEDF0028E555 /* Project object */ = {
			isa = PBXProject;
			attributes = {
				LastUpgradeCheck = 1030;
				ORGANIZATIONNAME = 123;
				TargetAttributes = {
					DF1FAF52233B644A00E7962F = {
						CreatedOnToolsVersion = 11.0;
					};
					DF1FB017233B6F8200E7962F = {
						CreatedOnToolsVersion = 11.0;
					};
					DF4091982334AEDF0028E555 = {
						CreatedOnToolsVersion = 10.3;
					};
				};
			};
			buildConfigurationList = DF4091942334AEDF0028E555 /* Build configuration list for PBXProject "Category" */;
			compatibilityVersion = "Xcode 9.3";
			developmentRegion = en;
			hasScannedForEncodings = 0;
			knownRegions = (
				en,
				Base,
			);
			mainGroup = DF4091902334AEDF0028E555;
			productRefGroup = DF40919A2334AEDF0028E555 /* Products */;
			projectDirPath = "";
			projectReferences = (
				{
					ProductGroup = DFCEB6272334E5840040AD44 /* Products */;
					ProjectRef = DFCEB6262334E5840040AD44 /* IJKMediaPlayer.xcodeproj */;
				},
			);
			projectRoot = "";
			targets = (
				DF4091982334AEDF0028E555 /* Category */,
				DF1FAF52233B644A00E7962F /* ffmpeg+sdl */,
				DF1FB017233B6F8200E7962F /* sdl */,
			);
		};
/* End PBXProject section */

/* Begin PBXReferenceProxy section */
		DFCEB62D2334E5840040AD44 /* IJKMediaFramework.framework */ = {
			isa = PBXReferenceProxy;
			fileType = wrapper.framework;
			path = IJKMediaFramework.framework;
			remoteRef = DFCEB62C2334E5840040AD44 /* PBXContainerItemProxy */;
			sourceTree = BUILT_PRODUCTS_DIR;
		};
		DFCEB62F2334E5840040AD44 /* IJKMediaFrameworkWithSSL.framework */ = {
			isa = PBXReferenceProxy;
			fileType = wrapper.framework;
			path = IJKMediaFrameworkWithSSL.framework;
			remoteRef = DFCEB62E2334E5840040AD44 /* PBXContainerItemProxy */;
			sourceTree = BUILT_PRODUCTS_DIR;
		};
		DFCEB6312334E5840040AD44 /* IJKMediaFrameworkTests.xctest */ = {
			isa = PBXReferenceProxy;
			fileType = wrapper.cfbundle;
			path = IJKMediaFrameworkTests.xctest;
			remoteRef = DFCEB6302334E5840040AD44 /* PBXContainerItemProxy */;
			sourceTree = BUILT_PRODUCTS_DIR;
		};
/* End PBXReferenceProxy section */

/* Begin PBXResourcesBuildPhase section */
		DF4091972334AEDF0028E555 /* Resources */ = {
			isa = PBXResourcesBuildPhase;
			buildActionMask = 2147483647;
			files = (
				DF0F51732334FEF500A93581 /* video.ts in Resources */,
				DF4091A92334AEE00028E555 /* LaunchScreen.storyboard in Resources */,
				DF4091A62334AEE00028E555 /* Assets.xcassets in Resources */,
				DF4091A42334AEDF0028E555 /* Main.storyboard in Resources */,
			);
			runOnlyForDeploymentPostprocessing = 0;
		};
/* End PBXResourcesBuildPhase section */

/* Begin PBXSourcesBuildPhase section */
		DF1FAF4F233B644A00E7962F /* Sources */ = {
			isa = PBXSourcesBuildPhase;
			buildActionMask = 2147483647;
			files = (
				DF1FAF56233B644A00E7962F /* main.m in Sources */,
			);
			runOnlyForDeploymentPostprocessing = 0;
		};
		DF1FB014233B6F8200E7962F /* Sources */ = {
			isa = PBXSourcesBuildPhase;
			buildActionMask = 2147483647;
			files = (
			);
			runOnlyForDeploymentPostprocessing = 0;
		};
		DF4091952334AEDF0028E555 /* Sources */ = {
			isa = PBXSourcesBuildPhase;
			buildActionMask = 2147483647;
			files = (
				DF4091A12334AEDF0028E555 /* MUIJKPlayerViewController.m in Sources */,
				DF4091AC2334AEE00028E555 /* main.m in Sources */,
				DF201B462338B23800F0792F /* MUTestViewController.m in Sources */,
				DF40919E2334AEDF0028E555 /* AppDelegate.m in Sources */,
				DF201B422338AE6B00F0792F /* MainViewController.m in Sources */,
				DF4091B42334B1100028E555 /* UIView+MainThreadGuard.m in Sources */,
			);
			runOnlyForDeploymentPostprocessing = 0;
		};
/* End PBXSourcesBuildPhase section */

/* Begin PBXTargetDependency section */
		DFCEB6332334E5D20040AD44 /* PBXTargetDependency */ = {
			isa = PBXTargetDependency;
			name = IJKMediaFramework;
			targetProxy = DFCEB6322334E5D20040AD44 /* PBXContainerItemProxy */;
		};
/* End PBXTargetDependency section */

/* Begin PBXVariantGroup section */
		DF4091A22334AEDF0028E555 /* Main.storyboard */ = {
			isa = PBXVariantGroup;
			children = (
				DF4091A32334AEDF0028E555 /* Base */,
			);
			name = Main.storyboard;
			sourceTree = "<group>";
		};
		DF4091A72334AEE00028E555 /* LaunchScreen.storyboard */ = {
			isa = PBXVariantGroup;
			children = (
				DF4091A82334AEE00028E555 /* Base */,
			);
			name = LaunchScreen.storyboard;
			sourceTree = "<group>";
		};
/* End PBXVariantGroup section */

/* Begin XCBuildConfiguration section */
		DF1FAF57233B644A00E7962F /* Debug */ = {
			isa = XCBuildConfiguration;
			buildSettings = {
				CODE_SIGN_IDENTITY = "-";
				CODE_SIGN_STYLE = Automatic;
				HEADER_SEARCH_PATHS = "$(SRCROOT)/ffmpeg+sdl/FFmpeg-iOS/include";
				LIBRARY_SEARCH_PATHS = (
					"$(inherited)",
					"$(PROJECT_DIR)/Category/FFmpeg-iOS/lib",
				);
				MACOSX_DEPLOYMENT_TARGET = 10.14;
				PRODUCT_NAME = "$(TARGET_NAME)";
				SDKROOT = macosx;
			};
			name = Debug;
		};
		DF1FAF58233B644A00E7962F /* Release */ = {
			isa = XCBuildConfiguration;
			buildSettings = {
				CODE_SIGN_IDENTITY = "-";
				CODE_SIGN_STYLE = Automatic;
				HEADER_SEARCH_PATHS = "$(SRCROOT)/ffmpeg+sdl/FFmpeg-iOS/include";
				LIBRARY_SEARCH_PATHS = (
					"$(inherited)",
					"$(PROJECT_DIR)/Category/FFmpeg-iOS/lib",
				);
				MACOSX_DEPLOYMENT_TARGET = 10.14;
				PRODUCT_NAME = "$(TARGET_NAME)";
				SDKROOT = macosx;
			};
			name = Release;
		};
		DF1FB01D233B6F8200E7962F /* Debug */ = {
			isa = XCBuildConfiguration;
			buildSettings = {
				CODE_SIGN_STYLE = Automatic;
				MACOSX_DEPLOYMENT_TARGET = 10.14;
				PRODUCT_NAME = "$(TARGET_NAME)";
				SDKROOT = macosx;
			};
			name = Debug;
		};
		DF1FB01E233B6F8200E7962F /* Release */ = {
			isa = XCBuildConfiguration;
			buildSettings = {
				CODE_SIGN_STYLE = Automatic;
				MACOSX_DEPLOYMENT_TARGET = 10.14;
				PRODUCT_NAME = "$(TARGET_NAME)";
				SDKROOT = macosx;
			};
			name = Release;
		};
		DF4091AD2334AEE00028E555 /* Debug */ = {
			isa = XCBuildConfiguration;
			buildSettings = {
				ALWAYS_SEARCH_USER_PATHS = NO;
				CLANG_ANALYZER_NONNULL = YES;
				CLANG_ANALYZER_NUMBER_OBJECT_CONVERSION = YES_AGGRESSIVE;
				CLANG_CXX_LANGUAGE_STANDARD = "gnu++14";
				CLANG_CXX_LIBRARY = "libc++";
				CLANG_ENABLE_MODULES = YES;
				CLANG_ENABLE_OBJC_ARC = YES;
				CLANG_ENABLE_OBJC_WEAK = YES;
				CLANG_WARN_BLOCK_CAPTURE_AUTORELEASING = YES;
				CLANG_WARN_BOOL_CONVERSION = YES;
				CLANG_WARN_COMMA = YES;
				CLANG_WARN_CONSTANT_CONVERSION = YES;
				CLANG_WARN_DEPRECATED_OBJC_IMPLEMENTATIONS = YES;
				CLANG_WARN_DIRECT_OBJC_ISA_USAGE = YES_ERROR;
				CLANG_WARN_DOCUMENTATION_COMMENTS = YES;
				CLANG_WARN_EMPTY_BODY = YES;
				CLANG_WARN_ENUM_CONVERSION = YES;
				CLANG_WARN_INFINITE_RECURSION = YES;
				CLANG_WARN_INT_CONVERSION = YES;
				CLANG_WARN_NON_LITERAL_NULL_CONVERSION = YES;
				CLANG_WARN_OBJC_IMPLICIT_RETAIN_SELF = YES;
				CLANG_WARN_OBJC_LITERAL_CONVERSION = YES;
				CLANG_WARN_OBJC_ROOT_CLASS = YES_ERROR;
				CLANG_WARN_RANGE_LOOP_ANALYSIS = YES;
				CLANG_WARN_STRICT_PROTOTYPES = YES;
				CLANG_WARN_SUSPICIOUS_MOVE = YES;
				CLANG_WARN_UNGUARDED_AVAILABILITY = YES_AGGRESSIVE;
				CLANG_WARN_UNREACHABLE_CODE = YES;
				CLANG_WARN__DUPLICATE_METHOD_MATCH = YES;
				CODE_SIGN_IDENTITY = "iPhone Developer";
				COPY_PHASE_STRIP = NO;
				DEBUG_INFORMATION_FORMAT = dwarf;
				ENABLE_STRICT_OBJC_MSGSEND = YES;
				ENABLE_TESTABILITY = YES;
				GCC_C_LANGUAGE_STANDARD = gnu11;
				GCC_DYNAMIC_NO_PIC = NO;
				GCC_NO_COMMON_BLOCKS = YES;
				GCC_OPTIMIZATION_LEVEL = 0;
				GCC_PREPROCESSOR_DEFINITIONS = (
					"DEBUG=1",
					"$(inherited)",
				);
				GCC_WARN_64_TO_32_BIT_CONVERSION = YES;
				GCC_WARN_ABOUT_RETURN_TYPE = YES_ERROR;
				GCC_WARN_UNDECLARED_SELECTOR = YES;
				GCC_WARN_UNINITIALIZED_AUTOS = YES_AGGRESSIVE;
				GCC_WARN_UNUSED_FUNCTION = YES;
				GCC_WARN_UNUSED_VARIABLE = YES;
				HEADER_SEARCH_PATHS = "";
				IPHONEOS_DEPLOYMENT_TARGET = 12.4;
				LIBRARY_SEARCH_PATHS = "";
				MTL_ENABLE_DEBUG_INFO = INCLUDE_SOURCE;
				MTL_FAST_MATH = YES;
				ONLY_ACTIVE_ARCH = YES;
				SDKROOT = iphoneos;
			};
			name = Debug;
		};
		DF4091AE2334AEE00028E555 /* Release */ = {
			isa = XCBuildConfiguration;
			buildSettings = {
				ALWAYS_SEARCH_USER_PATHS = NO;
				CLANG_ANALYZER_NONNULL = YES;
				CLANG_ANALYZER_NUMBER_OBJECT_CONVERSION = YES_AGGRESSIVE;
				CLANG_CXX_LANGUAGE_STANDARD = "gnu++14";
				CLANG_CXX_LIBRARY = "libc++";
				CLANG_ENABLE_MODULES = YES;
				CLANG_ENABLE_OBJC_ARC = YES;
				CLANG_ENABLE_OBJC_WEAK = YES;
				CLANG_WARN_BLOCK_CAPTURE_AUTORELEASING = YES;
				CLANG_WARN_BOOL_CONVERSION = YES;
				CLANG_WARN_COMMA = YES;
				CLANG_WARN_CONSTANT_CONVERSION = YES;
				CLANG_WARN_DEPRECATED_OBJC_IMPLEMENTATIONS = YES;
				CLANG_WARN_DIRECT_OBJC_ISA_USAGE = YES_ERROR;
				CLANG_WARN_DOCUMENTATION_COMMENTS = YES;
				CLANG_WARN_EMPTY_BODY = YES;
				CLANG_WARN_ENUM_CONVERSION = YES;
				CLANG_WARN_INFINITE_RECURSION = YES;
				CLANG_WARN_INT_CONVERSION = YES;
				CLANG_WARN_NON_LITERAL_NULL_CONVERSION = YES;
				CLANG_WARN_OBJC_IMPLICIT_RETAIN_SELF = YES;
				CLANG_WARN_OBJC_LITERAL_CONVERSION = YES;
				CLANG_WARN_OBJC_ROOT_CLASS = YES_ERROR;
				CLANG_WARN_RANGE_LOOP_ANALYSIS = YES;
				CLANG_WARN_STRICT_PROTOTYPES = YES;
				CLANG_WARN_SUSPICIOUS_MOVE = YES;
				CLANG_WARN_UNGUARDED_AVAILABILITY = YES_AGGRESSIVE;
				CLANG_WARN_UNREACHABLE_CODE = YES;
				CLANG_WARN__DUPLICATE_METHOD_MATCH = YES;
				CODE_SIGN_IDENTITY = "iPhone Developer";
				COPY_PHASE_STRIP = NO;
				DEBUG_INFORMATION_FORMAT = "dwarf-with-dsym";
				ENABLE_NS_ASSERTIONS = NO;
				ENABLE_STRICT_OBJC_MSGSEND = YES;
				GCC_C_LANGUAGE_STANDARD = gnu11;
				GCC_NO_COMMON_BLOCKS = YES;
				GCC_WARN_64_TO_32_BIT_CONVERSION = YES;
				GCC_WARN_ABOUT_RETURN_TYPE = YES_ERROR;
				GCC_WARN_UNDECLARED_SELECTOR = YES;
				GCC_WARN_UNINITIALIZED_AUTOS = YES_AGGRESSIVE;
				GCC_WARN_UNUSED_FUNCTION = YES;
				GCC_WARN_UNUSED_VARIABLE = YES;
				HEADER_SEARCH_PATHS = "";
				IPHONEOS_DEPLOYMENT_TARGET = 12.4;
				LIBRARY_SEARCH_PATHS = "";
				MTL_ENABLE_DEBUG_INFO = NO;
				MTL_FAST_MATH = YES;
				SDKROOT = iphoneos;
				VALIDATE_PRODUCT = YES;
			};
			name = Release;
		};
		DF4091B02334AEE00028E555 /* Debug */ = {
			isa = XCBuildConfiguration;
			buildSettings = {
				ASSETCATALOG_COMPILER_APPICON_NAME = AppIcon;
				CODE_SIGN_STYLE = Automatic;
				DEVELOPMENT_TEAM = 7A62PAJV4X;
				HEADER_SEARCH_PATHS = "$(SRCROOT)/Category/FFmpeg-iOS/include";
				INFOPLIST_FILE = Category/Info.plist;
				LD_RUNPATH_SEARCH_PATHS = (
					"$(inherited)",
					"@executable_path/Frameworks",
				);
				LIBRARY_SEARCH_PATHS = (
					"$(inherited)",
					"$(PROJECT_DIR)/Category/FFmpeg-iOS/lib",
				);
				PRODUCT_BUNDLE_IDENTIFIER = "-23.Category";
				PRODUCT_NAME = "$(TARGET_NAME)";
				TARGETED_DEVICE_FAMILY = "1,2";
				USER_HEADER_SEARCH_PATHS = "";
			};
			name = Debug;
		};
		DF4091B12334AEE00028E555 /* Release */ = {
			isa = XCBuildConfiguration;
			buildSettings = {
				ASSETCATALOG_COMPILER_APPICON_NAME = AppIcon;
				CODE_SIGN_STYLE = Automatic;
				DEVELOPMENT_TEAM = 7A62PAJV4X;
				HEADER_SEARCH_PATHS = "$(SRCROOT)/Category/FFmpeg-iOS/include";
				INFOPLIST_FILE = Category/Info.plist;
				LD_RUNPATH_SEARCH_PATHS = (
					"$(inherited)",
					"@executable_path/Frameworks",
				);
				LIBRARY_SEARCH_PATHS = (
					"$(inherited)",
					"$(PROJECT_DIR)/Category/FFmpeg-iOS/lib",
				);
				PRODUCT_BUNDLE_IDENTIFIER = "-23.Category";
				PRODUCT_NAME = "$(TARGET_NAME)";
				TARGETED_DEVICE_FAMILY = "1,2";
				USER_HEADER_SEARCH_PATHS = "";
			};
			name = Release;
		};
/* End XCBuildConfiguration section */

/* Begin XCConfigurationList section */
		DF1FAF5B233B644A00E7962F /* Build configuration list for PBXNativeTarget "ffmpeg+sdl" */ = {
			isa = XCConfigurationList;
			buildConfigurations = (
				DF1FAF57233B644A00E7962F /* Debug */,
				DF1FAF58233B644A00E7962F /* Release */,
			);
			defaultConfigurationIsVisible = 0;
			defaultConfigurationName = Release;
		};
		DF1FB01C233B6F8200E7962F /* Build configuration list for PBXNativeTarget "sdl" */ = {
			isa = XCConfigurationList;
			buildConfigurations = (
				DF1FB01D233B6F8200E7962F /* Debug */,
				DF1FB01E233B6F8200E7962F /* Release */,
			);
			defaultConfigurationIsVisible = 0;
			defaultConfigurationName = Release;
		};
		DF4091942334AEDF0028E555 /* Build configuration list for PBXProject "Category" */ = {
			isa = XCConfigurationList;
			buildConfigurations = (
				DF4091AD2334AEE00028E555 /* Debug */,
				DF4091AE2334AEE00028E555 /* Release */,
			);
			defaultConfigurationIsVisible = 0;
			defaultConfigurationName = Release;
		};
		DF4091AF2334AEE00028E555 /* Build configuration list for PBXNativeTarget "Category" */ = {
			isa = XCConfigurationList;
			buildConfigurations = (
				DF4091B02334AEE00028E555 /* Debug */,
				DF4091B12334AEE00028E555 /* Release */,
			);
			defaultConfigurationIsVisible = 0;
			defaultConfigurationName = Release;
		};
/* End XCConfigurationList section */
	};
	rootObject = DF4091912334AEDF0028E555 /* Project object */;
}
